{
  "object": {
    "pins": [
      {
        "package": "AEPCore",
        "repositoryURL": "https://github.com/adobe/aepsdk-core-ios.git",
        "state": {
          "branch": "main",
          "revision": "3148f94f930bd21c0caabc7b3dc4db53ff9ba281",
          "version": null
        }
      },
      {
        "package": "AEPEdge",
        "repositoryURL": "https://github.com/adobe/aepsdk-edge-ios.git",
        "state": {
          "branch": "main",
          "revision": "2ee45ebdeb1d671dbb45479d5bf4da2f2d931627",
          "version": null
        }
      },
      {
        "package": "AEPRulesEngine",
        "repositoryURL": "https://github.com/adobe/aepsdk-rulesengine-ios.git",
        "state": {
          "branch": "dev",
          "revision": "61cf5c92fc1e40bf3419cef1ac13928725971f5a",
          "version": null
        }
      }
    ]
  },
  "version": 1
}
