{
  "object": {
    "pins": [
      {
        "package": "AEPCore",
        "repositoryURL": "https://github.com/adobe/aepsdk-core-ios.git",
        "state": {
          "branch": "main",
          "revision": "5cc5b13de37c4b4e6092cb73a6b9ba3b193fbfa6",
          "version": null
        }
      },
      {
        "package": "AEPExperiencePlatform",
        "repositoryURL": "https://github.com/adobe/aepsdk-platform-ios.git",
        "state": {
          "branch": "dev",
          "revision": "5f79557976d5cd0efd93611f4b9c1d721e4c6681",
          "version": null
        }
      },
      {
        "package": "AEPRulesEngine",
        "repositoryURL": "https://github.com/adobe/aepsdk-rulesengine-ios.git",
        "state": {
          "branch": "dev",
          "revision": "23bb1679b1d7f02b5a09103578c4402afe8242c3",
          "version": null
        }
      }
    ]
  },
  "version": 1
}
