// !$*UTF8*$!
{
	archiveVersion = 1;
	classes = {
	};
	objectVersion = 56;
	objects = {

/* Begin PBXBuildFile section */
		24552E55291D9B23000744AD /* AppDelegate.swift in Sources */ = {isa = PBXBuildFile; fileRef = 24552E54291D9B23000744AD /* AppDelegate.swift */; };
		24552E57291D9B23000744AD /* SceneDelegate.swift in Sources */ = {isa = PBXBuildFile; fileRef = 24552E56291D9B23000744AD /* SceneDelegate.swift */; };
		24552E59291D9B23000744AD /* ViewController.swift in Sources */ = {isa = PBXBuildFile; fileRef = 24552E58291D9B23000744AD /* ViewController.swift */; };
		24552E5C291D9B23000744AD /* Main.storyboard in Resources */ = {isa = PBXBuildFile; fileRef = 24552E5A291D9B23000744AD /* Main.storyboard */; };
		24552E5E291D9B23000744AD /* Assets.xcassets in Resources */ = {isa = PBXBuildFile; fileRef = 24552E5D291D9B23000744AD /* Assets.xcassets */; };
		24552E61291D9B23000744AD /* LaunchScreen.storyboard in Resources */ = {isa = PBXBuildFile; fileRef = 24552E5F291D9B23000744AD /* LaunchScreen.storyboard */; };
		DE2C2C6F3288A931778B18DD /* Pods_InappTutorialApp.framework in Frameworks */ = {isa = PBXBuildFile; fileRef = 930D554862B6CFDD98DD75BF /* Pods_InappTutorialApp.framework */; };
/* End PBXBuildFile section */

/* Begin PBXFileReference section */
		24448E972A5E12C70077DEDD /* InappTutorialApp.entitlements */ = {isa = PBXFileReference; lastKnownFileType = text.plist.entitlements; path = InappTutorialApp.entitlements; sourceTree = "<group>"; };
		24552E51291D9B23000744AD /* InappTutorialApp.app */ = {isa = PBXFileReference; explicitFileType = wrapper.application; includeInIndex = 0; path = InappTutorialApp.app; sourceTree = BUILT_PRODUCTS_DIR; };
		24552E54291D9B23000744AD /* AppDelegate.swift */ = {isa = PBXFileReference; lastKnownFileType = sourcecode.swift; path = AppDelegate.swift; sourceTree = "<group>"; };
		24552E56291D9B23000744AD /* SceneDelegate.swift */ = {isa = PBXFileReference; lastKnownFileType = sourcecode.swift; path = SceneDelegate.swift; sourceTree = "<group>"; };
		24552E58291D9B23000744AD /* ViewController.swift */ = {isa = PBXFileReference; lastKnownFileType = sourcecode.swift; path = ViewController.swift; sourceTree = "<group>"; };
		24552E5B291D9B23000744AD /* Base */ = {isa = PBXFileReference; lastKnownFileType = file.storyboard; name = Base; path = Base.lproj/Main.storyboard; sourceTree = "<group>"; };
		24552E5D291D9B23000744AD /* Assets.xcassets */ = {isa = PBXFileReference; lastKnownFileType = folder.assetcatalog; path = Assets.xcassets; sourceTree = "<group>"; };
		24552E60291D9B23000744AD /* Base */ = {isa = PBXFileReference; lastKnownFileType = file.storyboard; name = Base; path = Base.lproj/LaunchScreen.storyboard; sourceTree = "<group>"; };
		24552E62291D9B23000744AD /* Info.plist */ = {isa = PBXFileReference; lastKnownFileType = text.plist.xml; path = Info.plist; sourceTree = "<group>"; };
		32AD39F74C6195D7FDCEBC39 /* Pods-InappTutorialApp.release.xcconfig */ = {isa = PBXFileReference; includeInIndex = 1; lastKnownFileType = text.xcconfig; name = "Pods-InappTutorialApp.release.xcconfig"; path = "Target Support Files/Pods-InappTutorialApp/Pods-InappTutorialApp.release.xcconfig"; sourceTree = "<group>"; };
		930D554862B6CFDD98DD75BF /* Pods_InappTutorialApp.framework */ = {isa = PBXFileReference; explicitFileType = wrapper.framework; includeInIndex = 0; path = Pods_InappTutorialApp.framework; sourceTree = BUILT_PRODUCTS_DIR; };
		B6E001D64E9B9153C596BF8B /* Pods-InappTutorialApp.debug.xcconfig */ = {isa = PBXFileReference; includeInIndex = 1; lastKnownFileType = text.xcconfig; name = "Pods-InappTutorialApp.debug.xcconfig"; path = "Target Support Files/Pods-InappTutorialApp/Pods-InappTutorialApp.debug.xcconfig"; sourceTree = "<group>"; };
/* End PBXFileReference section */

/* Begin PBXFrameworksBuildPhase section */
		24552E4E291D9B23000744AD /* Frameworks */ = {
			isa = PBXFrameworksBuildPhase;
			buildActionMask = 2147483647;
			files = (
				DE2C2C6F3288A931778B18DD /* Pods_InappTutorialApp.framework in Frameworks */,
			);
			runOnlyForDeploymentPostprocessing = 0;
		};
/* End PBXFrameworksBuildPhase section */

/* Begin PBXGroup section */
		24552E48291D9B23000744AD = {
			isa = PBXGroup;
			children = (
				24552E53291D9B23000744AD /* InappTutorialApp */,
				24552E52291D9B23000744AD /* Products */,
				B8B1583D659ED01FB7E4B98F /* Pods */,
				C70DBDB6E32FDAF55CEDDA27 /* Frameworks */,
			);
			sourceTree = "<group>";
		};
		24552E52291D9B23000744AD /* Products */ = {
			isa = PBXGroup;
			children = (
				24552E51291D9B23000744AD /* InappTutorialApp.app */,
			);
			name = Products;
			sourceTree = "<group>";
		};
		24552E53291D9B23000744AD /* InappTutorialApp */ = {
			isa = PBXGroup;
			children = (
				24448E972A5E12C70077DEDD /* InappTutorialApp.entitlements */,
				24552E54291D9B23000744AD /* AppDelegate.swift */,
				24552E56291D9B23000744AD /* SceneDelegate.swift */,
				24552E58291D9B23000744AD /* ViewController.swift */,
				24552E5A291D9B23000744AD /* Main.storyboard */,
				24552E5D291D9B23000744AD /* Assets.xcassets */,
				24552E5F291D9B23000744AD /* LaunchScreen.storyboard */,
				24552E62291D9B23000744AD /* Info.plist */,
			);
			path = InappTutorialApp;
			sourceTree = "<group>";
		};
		B8B1583D659ED01FB7E4B98F /* Pods */ = {
			isa = PBXGroup;
			children = (
				B6E001D64E9B9153C596BF8B /* Pods-InappTutorialApp.debug.xcconfig */,
				32AD39F74C6195D7FDCEBC39 /* Pods-InappTutorialApp.release.xcconfig */,
			);
			path = Pods;
			sourceTree = "<group>";
		};
		C70DBDB6E32FDAF55CEDDA27 /* Frameworks */ = {
			isa = PBXGroup;
			children = (
				930D554862B6CFDD98DD75BF /* Pods_InappTutorialApp.framework */,
			);
			name = Frameworks;
			sourceTree = "<group>";
		};
/* End PBXGroup section */

/* Begin PBXNativeTarget section */
		24552E50291D9B23000744AD /* InappTutorialApp */ = {
			isa = PBXNativeTarget;
			buildConfigurationList = 24552E65291D9B23000744AD /* Build configuration list for PBXNativeTarget "InappTutorialApp" */;
			buildPhases = (
				CA388BFBD6711E3F634CD49C /* [CP] Check Pods Manifest.lock */,
				24552E4D291D9B23000744AD /* Sources */,
				24552E4E291D9B23000744AD /* Frameworks */,
				24552E4F291D9B23000744AD /* Resources */,
				EF5752EF530128532A33B527 /* [CP] Embed Pods Frameworks */,
			);
			buildRules = (
			);
			dependencies = (
			);
			name = InappTutorialApp;
			productName = InappTutorialApp;
			productReference = 24552E51291D9B23000744AD /* InappTutorialApp.app */;
			productType = "com.apple.product-type.application";
		};
/* End PBXNativeTarget section */

/* Begin PBXProject section */
		24552E49291D9B23000744AD /* Project object */ = {
			isa = PBXProject;
			attributes = {
				BuildIndependentTargetsInParallel = 1;
				LastSwiftUpdateCheck = 1410;
				LastUpgradeCheck = 1410;
				TargetAttributes = {
					24552E50291D9B23000744AD = {
						CreatedOnToolsVersion = 14.1;
					};
				};
			};
			buildConfigurationList = 24552E4C291D9B23000744AD /* Build configuration list for PBXProject "InappTutorialApp" */;
			compatibilityVersion = "Xcode 14.0";
			developmentRegion = en;
			hasScannedForEncodings = 0;
			knownRegions = (
				en,
				Base,
			);
			mainGroup = 24552E48291D9B23000744AD;
			productRefGroup = 24552E52291D9B23000744AD /* Products */;
			projectDirPath = "";
			projectRoot = "";
			targets = (
				24552E50291D9B23000744AD /* InappTutorialApp */,
			);
		};
/* End PBXProject section */

/* Begin PBXResourcesBuildPhase section */
		24552E4F291D9B23000744AD /* Resources */ = {
			isa = PBXResourcesBuildPhase;
			buildActionMask = 2147483647;
			files = (
				24552E61291D9B23000744AD /* LaunchScreen.storyboard in Resources */,
				24552E5E291D9B23000744AD /* Assets.xcassets in Resources */,
				24552E5C291D9B23000744AD /* Main.storyboard in Resources */,
			);
			runOnlyForDeploymentPostprocessing = 0;
		};
/* End PBXResourcesBuildPhase section */

/* Begin PBXShellScriptBuildPhase section */
		CA388BFBD6711E3F634CD49C /* [CP] Check Pods Manifest.lock */ = {
			isa = PBXShellScriptBuildPhase;
			buildActionMask = 2147483647;
			files = (
			);
			inputFileListPaths = (
			);
			inputPaths = (
				"${PODS_PODFILE_DIR_PATH}/Podfile.lock",
				"${PODS_ROOT}/Manifest.lock",
			);
			name = "[CP] Check Pods Manifest.lock";
			outputFileListPaths = (
			);
			outputPaths = (
				"$(DERIVED_FILE_DIR)/Pods-InappTutorialApp-checkManifestLockResult.txt",
			);
			runOnlyForDeploymentPostprocessing = 0;
			shellPath = /bin/sh;
			shellScript = "diff \"${PODS_PODFILE_DIR_PATH}/Podfile.lock\" \"${PODS_ROOT}/Manifest.lock\" > /dev/null\nif [ $? != 0 ] ; then\n    # print error to STDERR\n    echo \"error: The sandbox is not in sync with the Podfile.lock. Run 'pod install' or update your CocoaPods installation.\" >&2\n    exit 1\nfi\n# This output is used by Xcode 'outputs' to avoid re-running this script phase.\necho \"SUCCESS\" > \"${SCRIPT_OUTPUT_FILE_0}\"\n";
			showEnvVarsInLog = 0;
		};
		EF5752EF530128532A33B527 /* [CP] Embed Pods Frameworks */ = {
			isa = PBXShellScriptBuildPhase;
			buildActionMask = 2147483647;
			files = (
			);
			inputFileListPaths = (
				"${PODS_ROOT}/Target Support Files/Pods-InappTutorialApp/Pods-InappTutorialApp-frameworks-${CONFIGURATION}-input-files.xcfilelist",
			);
			name = "[CP] Embed Pods Frameworks";
			outputFileListPaths = (
				"${PODS_ROOT}/Target Support Files/Pods-InappTutorialApp/Pods-InappTutorialApp-frameworks-${CONFIGURATION}-output-files.xcfilelist",
			);
			runOnlyForDeploymentPostprocessing = 0;
			shellPath = /bin/sh;
			shellScript = "\"${PODS_ROOT}/Target Support Files/Pods-InappTutorialApp/Pods-InappTutorialApp-frameworks.sh\"\n";
			showEnvVarsInLog = 0;
		};
/* End PBXShellScriptBuildPhase section */

/* Begin PBXSourcesBuildPhase section */
		24552E4D291D9B23000744AD /* Sources */ = {
			isa = PBXSourcesBuildPhase;
			buildActionMask = 2147483647;
			files = (
				24552E59291D9B23000744AD /* ViewController.swift in Sources */,
				24552E55291D9B23000744AD /* AppDelegate.swift in Sources */,
				24552E57291D9B23000744AD /* SceneDelegate.swift in Sources */,
			);
			runOnlyForDeploymentPostprocessing = 0;
		};
/* End PBXSourcesBuildPhase section */

/* Begin PBXVariantGroup section */
		24552E5A291D9B23000744AD /* Main.storyboard */ = {
			isa = PBXVariantGroup;
			children = (
				24552E5B291D9B23000744AD /* Base */,
			);
			name = Main.storyboard;
			sourceTree = "<group>";
		};
		24552E5F291D9B23000744AD /* LaunchScreen.storyboard */ = {
			isa = PBXVariantGroup;
			children = (
				24552E60291D9B23000744AD /* Base */,
			);
			name = LaunchScreen.storyboard;
			sourceTree = "<group>";
		};
/* End PBXVariantGroup section */

/* Begin XCBuildConfiguration section */
		24552E63291D9B23000744AD /* Debug */ = {
			isa = XCBuildConfiguration;
			buildSettings = {
				ALWAYS_SEARCH_USER_PATHS = NO;
				CLANG_ANALYZER_NONNULL = YES;
				CLANG_ANALYZER_NUMBER_OBJECT_CONVERSION = YES_AGGRESSIVE;
				CLANG_CXX_LANGUAGE_STANDARD = "gnu++20";
				CLANG_ENABLE_MODULES = YES;
				CLANG_ENABLE_OBJC_ARC = YES;
				CLANG_ENABLE_OBJC_WEAK = YES;
				CLANG_WARN_BLOCK_CAPTURE_AUTORELEASING = YES;
				CLANG_WARN_BOOL_CONVERSION = YES;
				CLANG_WARN_COMMA = YES;
				CLANG_WARN_CONSTANT_CONVERSION = YES;
				CLANG_WARN_DEPRECATED_OBJC_IMPLEMENTATIONS = YES;
				CLANG_WARN_DIRECT_OBJC_ISA_USAGE = YES_ERROR;
				CLANG_WARN_DOCUMENTATION_COMMENTS = YES;
				CLANG_WARN_EMPTY_BODY = YES;
				CLANG_WARN_ENUM_CONVERSION = YES;
				CLANG_WARN_INFINITE_RECURSION = YES;
				CLANG_WARN_INT_CONVERSION = YES;
				CLANG_WARN_NON_LITERAL_NULL_CONVERSION = YES;
				CLANG_WARN_OBJC_IMPLICIT_RETAIN_SELF = YES;
				CLANG_WARN_OBJC_LITERAL_CONVERSION = YES;
				CLANG_WARN_OBJC_ROOT_CLASS = YES_ERROR;
				CLANG_WARN_QUOTED_INCLUDE_IN_FRAMEWORK_HEADER = YES;
				CLANG_WARN_RANGE_LOOP_ANALYSIS = YES;
				CLANG_WARN_STRICT_PROTOTYPES = YES;
				CLANG_WARN_SUSPICIOUS_MOVE = YES;
				CLANG_WARN_UNGUARDED_AVAILABILITY = YES_AGGRESSIVE;
				CLANG_WARN_UNREACHABLE_CODE = YES;
				CLANG_WARN__DUPLICATE_METHOD_MATCH = YES;
				COPY_PHASE_STRIP = NO;
				DEBUG_INFORMATION_FORMAT = dwarf;
				ENABLE_STRICT_OBJC_MSGSEND = YES;
				ENABLE_TESTABILITY = YES;
				GCC_C_LANGUAGE_STANDARD = gnu11;
				GCC_DYNAMIC_NO_PIC = NO;
				GCC_NO_COMMON_BLOCKS = YES;
				GCC_OPTIMIZATION_LEVEL = 0;
				GCC_PREPROCESSOR_DEFINITIONS = (
					"DEBUG=1",
					"$(inherited)",
				);
				GCC_WARN_64_TO_32_BIT_CONVERSION = YES;
				GCC_WARN_ABOUT_RETURN_TYPE = YES_ERROR;
				GCC_WARN_UNDECLARED_SELECTOR = YES;
				GCC_WARN_UNINITIALIZED_AUTOS = YES_AGGRESSIVE;
				GCC_WARN_UNUSED_FUNCTION = YES;
				GCC_WARN_UNUSED_VARIABLE = YES;
				IPHONEOS_DEPLOYMENT_TARGET = 16.1;
				MTL_ENABLE_DEBUG_INFO = INCLUDE_SOURCE;
				MTL_FAST_MATH = YES;
				ONLY_ACTIVE_ARCH = YES;
				SDKROOT = iphoneos;
				SWIFT_ACTIVE_COMPILATION_CONDITIONS = DEBUG;
				SWIFT_OPTIMIZATION_LEVEL = "-Onone";
			};
			name = Debug;
		};
		24552E64291D9B23000744AD /* Release */ = {
			isa = XCBuildConfiguration;
			buildSettings = {
				ALWAYS_SEARCH_USER_PATHS = NO;
				CLANG_ANALYZER_NONNULL = YES;
				CLANG_ANALYZER_NUMBER_OBJECT_CONVERSION = YES_AGGRESSIVE;
				CLANG_CXX_LANGUAGE_STANDARD = "gnu++20";
				CLANG_ENABLE_MODULES = YES;
				CLANG_ENABLE_OBJC_ARC = YES;
				CLANG_ENABLE_OBJC_WEAK = YES;
				CLANG_WARN_BLOCK_CAPTURE_AUTORELEASING = YES;
				CLANG_WARN_BOOL_CONVERSION = YES;
				CLANG_WARN_COMMA = YES;
				CLANG_WARN_CONSTANT_CONVERSION = YES;
				CLANG_WARN_DEPRECATED_OBJC_IMPLEMENTATIONS = YES;
				CLANG_WARN_DIRECT_OBJC_ISA_USAGE = YES_ERROR;
				CLANG_WARN_DOCUMENTATION_COMMENTS = YES;
				CLANG_WARN_EMPTY_BODY = YES;
				CLANG_WARN_ENUM_CONVERSION = YES;
				CLANG_WARN_INFINITE_RECURSION = YES;
				CLANG_WARN_INT_CONVERSION = YES;
				CLANG_WARN_NON_LITERAL_NULL_CONVERSION = YES;
				CLANG_WARN_OBJC_IMPLICIT_RETAIN_SELF = YES;
				CLANG_WARN_OBJC_LITERAL_CONVERSION = YES;
				CLANG_WARN_OBJC_ROOT_CLASS = YES_ERROR;
				CLANG_WARN_QUOTED_INCLUDE_IN_FRAMEWORK_HEADER = YES;
				CLANG_WARN_RANGE_LOOP_ANALYSIS = YES;
				CLANG_WARN_STRICT_PROTOTYPES = YES;
				CLANG_WARN_SUSPICIOUS_MOVE = YES;
				CLANG_WARN_UNGUARDED_AVAILABILITY = YES_AGGRESSIVE;
				CLANG_WARN_UNREACHABLE_CODE = YES;
				CLANG_WARN__DUPLICATE_METHOD_MATCH = YES;
				COPY_PHASE_STRIP = NO;
				DEBUG_INFORMATION_FORMAT = "dwarf-with-dsym";
				ENABLE_NS_ASSERTIONS = NO;
				ENABLE_STRICT_OBJC_MSGSEND = YES;
				GCC_C_LANGUAGE_STANDARD = gnu11;
				GCC_NO_COMMON_BLOCKS = YES;
				GCC_WARN_64_TO_32_BIT_CONVERSION = YES;
				GCC_WARN_ABOUT_RETURN_TYPE = YES_ERROR;
				GCC_WARN_UNDECLARED_SELECTOR = YES;
				GCC_WARN_UNINITIALIZED_AUTOS = YES_AGGRESSIVE;
				GCC_WARN_UNUSED_FUNCTION = YES;
				GCC_WARN_UNUSED_VARIABLE = YES;
				IPHONEOS_DEPLOYMENT_TARGET = 16.1;
				MTL_ENABLE_DEBUG_INFO = NO;
				MTL_FAST_MATH = YES;
				SDKROOT = iphoneos;
				SWIFT_COMPILATION_MODE = wholemodule;
				SWIFT_OPTIMIZATION_LEVEL = "-O";
				VALIDATE_PRODUCT = YES;
			};
			name = Release;
		};
		24552E66291D9B23000744AD /* Debug */ = {
			isa = XCBuildConfiguration;
			baseConfigurationReference = B6E001D64E9B9153C596BF8B /* Pods-InappTutorialApp.debug.xcconfig */;
			buildSettings = {
				ASSETCATALOG_COMPILER_APPICON_NAME = AppIcon;
				ASSETCATALOG_COMPILER_GLOBAL_ACCENT_COLOR_NAME = AccentColor;
				CODE_SIGN_ENTITLEMENTS = InappTutorialApp/InappTutorialApp.entitlements;
				CODE_SIGN_STYLE = Automatic;
				CURRENT_PROJECT_VERSION = 1;
				DEVELOPMENT_TEAM = FKGEE875K4;
				GENERATE_INFOPLIST_FILE = YES;
				INFOPLIST_FILE = InappTutorialApp/Info.plist;
				INFOPLIST_KEY_UIApplicationSupportsIndirectInputEvents = YES;
				INFOPLIST_KEY_UILaunchStoryboardName = LaunchScreen;
				INFOPLIST_KEY_UIMainStoryboardFile = Main;
				INFOPLIST_KEY_UISupportedInterfaceOrientations_iPad = "UIInterfaceOrientationPortrait UIInterfaceOrientationPortraitUpsideDown UIInterfaceOrientationLandscapeLeft UIInterfaceOrientationLandscapeRight";
				INFOPLIST_KEY_UISupportedInterfaceOrientations_iPhone = "UIInterfaceOrientationPortrait UIInterfaceOrientationLandscapeLeft UIInterfaceOrientationLandscapeRight";
				LD_RUNPATH_SEARCH_PATHS = (
					"$(inherited)",
					"@executable_path/Frameworks",
				);
				MARKETING_VERSION = 1.0;
				PRODUCT_BUNDLE_IDENTIFIER = com.adobe.iamTutorialiOS;
				PRODUCT_NAME = "$(TARGET_NAME)";
				SWIFT_EMIT_LOC_STRINGS = YES;
				SWIFT_VERSION = 5.0;
				TARGETED_DEVICE_FAMILY = "1,2";
			};
			name = Debug;
		};
		24552E67291D9B23000744AD /* Release */ = {
			isa = XCBuildConfiguration;
			baseConfigurationReference = 32AD39F74C6195D7FDCEBC39 /* Pods-InappTutorialApp.release.xcconfig */;
			buildSettings = {
				ASSETCATALOG_COMPILER_APPICON_NAME = AppIcon;
				ASSETCATALOG_COMPILER_GLOBAL_ACCENT_COLOR_NAME = AccentColor;
				CODE_SIGN_ENTITLEMENTS = InappTutorialApp/InappTutorialApp.entitlements;
				CODE_SIGN_STYLE = Automatic;
				CURRENT_PROJECT_VERSION = 1;
				DEVELOPMENT_TEAM = FKGEE875K4;
				GENERATE_INFOPLIST_FILE = YES;
				INFOPLIST_FILE = InappTutorialApp/Info.plist;
				INFOPLIST_KEY_UIApplicationSupportsIndirectInputEvents = YES;
				INFOPLIST_KEY_UILaunchStoryboardName = LaunchScreen;
				INFOPLIST_KEY_UIMainStoryboardFile = Main;
				INFOPLIST_KEY_UISupportedInterfaceOrientations_iPad = "UIInterfaceOrientationPortrait UIInterfaceOrientationPortraitUpsideDown UIInterfaceOrientationLandscapeLeft UIInterfaceOrientationLandscapeRight";
				INFOPLIST_KEY_UISupportedInterfaceOrientations_iPhone = "UIInterfaceOrientationPortrait UIInterfaceOrientationLandscapeLeft UIInterfaceOrientationLandscapeRight";
				LD_RUNPATH_SEARCH_PATHS = (
					"$(inherited)",
					"@executable_path/Frameworks",
				);
				MARKETING_VERSION = 1.0;
				PRODUCT_BUNDLE_IDENTIFIER = com.adobe.iamTutorialiOS;
				PRODUCT_NAME = "$(TARGET_NAME)";
				SWIFT_EMIT_LOC_STRINGS = YES;
				SWIFT_VERSION = 5.0;
				TARGETED_DEVICE_FAMILY = "1,2";
			};
			name = Release;
		};
/* End XCBuildConfiguration section */

/* Begin XCConfigurationList section */
		24552E4C291D9B23000744AD /* Build configuration list for PBXProject "InappTutorialApp" */ = {
			isa = XCConfigurationList;
			buildConfigurations = (
				24552E63291D9B23000744AD /* Debug */,
				24552E64291D9B23000744AD /* Release */,
			);
			defaultConfigurationIsVisible = 0;
			defaultConfigurationName = Release;
		};
		24552E65291D9B23000744AD /* Build configuration list for PBXNativeTarget "InappTutorialApp" */ = {
			isa = XCConfigurationList;
			buildConfigurations = (
				24552E66291D9B23000744AD /* Debug */,
				24552E67291D9B23000744AD /* Release */,
			);
			defaultConfigurationIsVisible = 0;
			defaultConfigurationName = Release;
		};
/* End XCConfigurationList section */
	};
	rootObject = 24552E49291D9B23000744AD /* Project object */;
}
