{
  "object": {
    "pins": [
      {
        "package": "AEPCore",
        "repositoryURL": "https://github.com/adobe/aepsdk-core-ios.git",
        "state": {
          "branch": "main",
          "revision": "18ebea33a45dacfde86058525ed76c416e7ccb0a",
          "version": null
        }
      },
      {
        "package": "AEPRulesEngine",
        "repositoryURL": "https://github.com/adobe/aepsdk-rulesengine-ios.git",
        "state": {
          "branch": "dev",
          "revision": "23bb1679b1d7f02b5a09103578c4402afe8242c3",
          "version": null
        }
      },
      {
        "package": "AEPExperiencePlatform",
        "repositoryURL": "https://github.com/kevinlind/platform-extension-ios.git",
        "state": {
          "branch": "amsdk-10442-cleanup",
          "revision": "a6bea9a5932835c01fef602607f13e14c6afd46c",
          "version": null
        }
      }
    ]
  },
  "version": 1
}
