PODS:
  - AEPAssurance (3.0.1):
    - AEPCore (>= 3.1.0)
    - AEPServices (>= 3.1.0)
  - AEPCore (3.5.0):
    - AEPRulesEngine (>= 1.1.0)
    - AEPServices (>= 3.5.0)
  - AEPEdge (1.4.0):
    - AEPCore (>= 3.5.0)
    - AEPEdgeIdentity
  - AEPEdgeConsent (1.0.1):
    - AEPCore (>= 3.5.0)
    - AEPEdge (>= 1.4.0)
  - AEPEdgeIdentity (1.0.1):
    - AEPCore (>= 3.1.1)
  - AEPLifecycle (3.5.0):
    - AEPCore (>= 3.5.0)
  - AEPRulesEngine (1.1.0)
  - AEPServices (3.5.0)
  - AEPSignal (3.5.0):
    - AEPCore (>= 3.5.0)
  - SwiftLint (0.44.0)

DEPENDENCIES:
  - AEPAssurance
  - AEPCore
  - AEPEdge
  - AEPEdgeConsent
  - AEPEdgeIdentity
  - AEPLifecycle
  - AEPRulesEngine
  - AEPServices (from `https://github.com/sbenedicadb/aepsdk-core-ios.git`, branch `dev-v3.5.1`)
  - AEPSignal
  - SwiftLint (= 0.44.0)

SPEC REPOS:
  trunk:
    - AEPAssurance
    - AEPCore
    - AEPEdge
    - AEPEdgeConsent
    - AEPEdgeIdentity
    - AEPLifecycle
    - AEPRulesEngine
    - AEPSignal
    - SwiftLint

EXTERNAL SOURCES:
  AEPServices:
    :branch: dev-v3.5.1
    :git: https://github.com/sbenedicadb/aepsdk-core-ios.git

CHECKOUT OPTIONS:
  AEPServices:
    :commit: 24c3c251415237d3c6ff28b1937cd05334f3291d
    :git: https://github.com/sbenedicadb/aepsdk-core-ios.git

SPEC CHECKSUMS:
  AEPAssurance: b25880cd4b14f22c61a1dce19807bd0ca0fe9b17
  AEPCore: a3b4159038df33b63ebdab227342cd57d8ded1b0
  AEPEdge: 0e7c11d13e71d23d995bff46f48691c1bb65f84f
  AEPEdgeConsent: a23b35ab331d2aa2013fcef49c9d6b80085d5597
  AEPEdgeIdentity: 5c42cef81835851232136a9e1fbbbe33b204ee11
  AEPLifecycle: d3ff90c661c4452fb1c619e7f02dad8ba49a8fd2
  AEPRulesEngine: bb2927ed5501ddf9754c66e97f8d2b1cf8e33b19
  AEPServices: 2e869a387b67c04ab5f3f647026412ff410efbb0
  AEPSignal: 636e615dd02d670aa0fe6c2b9dcebee6c95e1f4f
  SwiftLint: e96c0a8c770c7ebbc4d36c55baf9096bb65c4584

PODFILE CHECKSUM: 38f537339d3ddc01fc622db3b79a5915e5821dab

COCOAPODS: 1.11.2
