// !$*UTF8*$!
{
	archiveVersion = 1;
	classes = {
	};
	objectVersion = 52;
	objects = {

/* Begin PBXBuildFile section */
		12BBA5C0BFAF4671BCB8E2B8 /* Pods_MessagingDemoApp.framework in Frameworks */ = {isa = PBXBuildFile; fileRef = 45CBF297E444E34785CA2D8D /* Pods_MessagingDemoApp.framework */; };
		92085902251B2CEB00B9C65A /* OperationQueue.swift in Sources */ = {isa = PBXBuildFile; fileRef = 920858E4251B2CEB00B9C65A /* OperationQueue.swift */; platformFilter = ios; };
		92085903251B2CEB00B9C65A /* ThreadSafeDictionary.swift in Sources */ = {isa = PBXBuildFile; fileRef = 920858E5251B2CEB00B9C65A /* ThreadSafeDictionary.swift */; platformFilter = ios; };
		92085904251B2CEB00B9C65A /* AnyCodable.swift in Sources */ = {isa = PBXBuildFile; fileRef = 920858E6251B2CEB00B9C65A /* AnyCodable.swift */; platformFilter = ios; };
		92085905251B2CEB00B9C65A /* Items.swift in Sources */ = {isa = PBXBuildFile; fileRef = 920858E8251B2CEB00B9C65A /* Items.swift */; platformFilter = ios; };
		92085906251B2CEB00B9C65A /* Track.swift in Sources */ = {isa = PBXBuildFile; fileRef = 920858E9251B2CEB00B9C65A /* Track.swift */; platformFilter = ios; };
		92085908251B2CEB00B9C65A /* CustomAction.swift in Sources */ = {isa = PBXBuildFile; fileRef = 920858EB251B2CEB00B9C65A /* CustomAction.swift */; platformFilter = ios; };
		92085909251B2CEB00B9C65A /* Acopprod3.swift in Sources */ = {isa = PBXBuildFile; fileRef = 920858EC251B2CEB00B9C65A /* Acopprod3.swift */; platformFilter = ios; };
		9208590A251B2CEB00B9C65A /* AuthenticatedState.swift in Sources */ = {isa = PBXBuildFile; fileRef = 920858ED251B2CEB00B9C65A /* AuthenticatedState.swift */; platformFilter = ios; };
		9208590B251B2CEB00B9C65A /* IdentityMap.swift in Sources */ = {isa = PBXBuildFile; fileRef = 920858EE251B2CEB00B9C65A /* IdentityMap.swift */; platformFilter = ios; };
		92085934251B2D6C00B9C65A /* BuildFile in Frameworks */ = {isa = PBXBuildFile; productRef = 92085933251B2D6C00B9C65A /* SwiftPackageProductDependency */; };
		92085958251BC00100B9C65A /* Messaging.swift in Sources */ = {isa = PBXBuildFile; fileRef = 92085957251BC00100B9C65A /* Messaging.swift */; platformFilter = ios; };
		92085960251BD4EF00B9C65A /* MessagingConstants.swift in Sources */ = {isa = PBXBuildFile; fileRef = 9208595F251BD4EF00B9C65A /* MessagingConstants.swift */; platformFilter = ios; };
		92085985251BEB7100B9C65A /* AppDelegate.swift in Sources */ = {isa = PBXBuildFile; fileRef = 92085984251BEB7100B9C65A /* AppDelegate.swift */; };
		92085987251BEB7100B9C65A /* SceneDelegate.swift in Sources */ = {isa = PBXBuildFile; fileRef = 92085986251BEB7100B9C65A /* SceneDelegate.swift */; };
		92085989251BEB7100B9C65A /* ViewController.swift in Sources */ = {isa = PBXBuildFile; fileRef = 92085988251BEB7100B9C65A /* ViewController.swift */; };
		9208598C251BEB7100B9C65A /* Main.storyboard in Resources */ = {isa = PBXBuildFile; fileRef = 9208598A251BEB7100B9C65A /* Main.storyboard */; };
		9208598E251BEB7300B9C65A /* Assets.xcassets in Resources */ = {isa = PBXBuildFile; fileRef = 9208598D251BEB7300B9C65A /* Assets.xcassets */; };
		92085991251BEB7300B9C65A /* LaunchScreen.storyboard in Resources */ = {isa = PBXBuildFile; fileRef = 9208598F251BEB7300B9C65A /* LaunchScreen.storyboard */; };
		92BD7B16251C13A400C758CB /* BuildFile in Frameworks */ = {isa = PBXBuildFile; productRef = 92BD7B15251C13A400C758CB /* SwiftPackageProductDependency */; };
		92BD7B18251C13A400C758CB /* BuildFile in Frameworks */ = {isa = PBXBuildFile; productRef = 92BD7B17251C13A400C758CB /* SwiftPackageProductDependency */; };
		92BD7B36251C1DEE00C758CB /* BuildFile in Frameworks */ = {isa = PBXBuildFile; productRef = 92BD7B35251C1DEE00C758CB /* SwiftPackageProductDependency */; };
		92BD7B38251C1DEE00C758CB /* BuildFile in Frameworks */ = {isa = PBXBuildFile; productRef = 92BD7B37251C1DEE00C758CB /* SwiftPackageProductDependency */; };
		92BD7B3A251C1DEE00C758CB /* BuildFile in Frameworks */ = {isa = PBXBuildFile; productRef = 92BD7B39251C1DEE00C758CB /* SwiftPackageProductDependency */; };
		92BD7B3C251C1DEE00C758CB /* BuildFile in Frameworks */ = {isa = PBXBuildFile; productRef = 92BD7B3B251C1DEE00C758CB /* SwiftPackageProductDependency */; };
		92BD7B40251C1E2A00C758CB /* BuildFile in Frameworks */ = {isa = PBXBuildFile; productRef = 92BD7B3F251C1E2A00C758CB /* SwiftPackageProductDependency */; };
		92BD7B42251C1E2A00C758CB /* BuildFile in Frameworks */ = {isa = PBXBuildFile; productRef = 92BD7B41251C1E2A00C758CB /* SwiftPackageProductDependency */; };
		92BD7B44251C1E2A00C758CB /* BuildFile in Frameworks */ = {isa = PBXBuildFile; productRef = 92BD7B43251C1E2A00C758CB /* SwiftPackageProductDependency */; };
		92BD7B77251C3DBF00C758CB /* libACPMessaging.a in Frameworks */ = {isa = PBXBuildFile; fileRef = 922FFCEF251B2BBA00BCE010 /* libACPMessaging.a */; };
		92BD7B80251C404400C758CB /* MobilePushTrackingSchemaTest.swift in Sources */ = {isa = PBXBuildFile; fileRef = 920858EA251B2CEB00B9C65A /* MobilePushTrackingSchemaTest.swift */; platformFilter = ios; };
		F359B2715DAD55F12A6F27E2 /* Pods_ACPMessaging.framework in Frameworks */ = {isa = PBXBuildFile; fileRef = 6F5925C400CC7B4D3BE6F7C2 /* Pods_ACPMessaging.framework */; };
/* End PBXBuildFile section */

/* Begin PBXContainerItemProxy section */
		92BD7B6D251C298000C758CB /* PBXContainerItemProxy */ = {
			isa = PBXContainerItemProxy;
			containerPortal = 922FFCE7251B2BBA00BCE010 /* Project object */;
			proxyType = 1;
			remoteGlobalIDString = 922FFCEE251B2BBA00BCE010;
			remoteInfo = ACPMessaging;
		};
/* End PBXContainerItemProxy section */

/* Begin PBXCopyFilesBuildPhase section */
		922FFCED251B2BBA00BCE010 /* CopyFiles */ = {
			isa = PBXCopyFilesBuildPhase;
			buildActionMask = 2147483647;
			dstPath = "include/$(PRODUCT_NAME)";
			dstSubfolderSpec = 16;
			files = (
			);
			runOnlyForDeploymentPostprocessing = 0;
		};
/* End PBXCopyFilesBuildPhase section */

/* Begin PBXFileReference section */
		1F1EF009F88A2317998B8949 /* Pods-ACPMessaging.release.xcconfig */ = {isa = PBXFileReference; includeInIndex = 1; lastKnownFileType = text.xcconfig; name = "Pods-ACPMessaging.release.xcconfig"; path = "Target Support Files/Pods-ACPMessaging/Pods-ACPMessaging.release.xcconfig"; sourceTree = "<group>"; };
		45CBF297E444E34785CA2D8D /* Pods_MessagingDemoApp.framework */ = {isa = PBXFileReference; explicitFileType = wrapper.framework; includeInIndex = 0; path = Pods_MessagingDemoApp.framework; sourceTree = BUILT_PRODUCTS_DIR; };
		6F5925C400CC7B4D3BE6F7C2 /* Pods_ACPMessaging.framework */ = {isa = PBXFileReference; explicitFileType = wrapper.framework; includeInIndex = 0; path = Pods_ACPMessaging.framework; sourceTree = BUILT_PRODUCTS_DIR; };
		890A05580524FBFB890DDA24 /* Pods-MessagingDemoApp.release.xcconfig */ = {isa = PBXFileReference; includeInIndex = 1; lastKnownFileType = text.xcconfig; name = "Pods-MessagingDemoApp.release.xcconfig"; path = "Target Support Files/Pods-MessagingDemoApp/Pods-MessagingDemoApp.release.xcconfig"; sourceTree = "<group>"; };
		920858AE251B2C4800B9C65A /* ACPMessagingTests.swift */ = {isa = PBXFileReference; fileEncoding = 4; lastKnownFileType = sourcecode.swift; path = ACPMessagingTests.swift; sourceTree = "<group>"; };
		920858AF251B2C4800B9C65A /* Info.plist */ = {isa = PBXFileReference; fileEncoding = 4; lastKnownFileType = text.plist.xml; path = Info.plist; sourceTree = "<group>"; };
		920858E4251B2CEB00B9C65A /* OperationQueue.swift */ = {isa = PBXFileReference; fileEncoding = 4; lastKnownFileType = sourcecode.swift; path = OperationQueue.swift; sourceTree = "<group>"; };
		920858E5251B2CEB00B9C65A /* ThreadSafeDictionary.swift */ = {isa = PBXFileReference; fileEncoding = 4; lastKnownFileType = sourcecode.swift; path = ThreadSafeDictionary.swift; sourceTree = "<group>"; };
		920858E6251B2CEB00B9C65A /* AnyCodable.swift */ = {isa = PBXFileReference; fileEncoding = 4; lastKnownFileType = sourcecode.swift; path = AnyCodable.swift; sourceTree = "<group>"; };
		920858E8251B2CEB00B9C65A /* Items.swift */ = {isa = PBXFileReference; fileEncoding = 4; lastKnownFileType = sourcecode.swift; path = Items.swift; sourceTree = "<group>"; };
		920858E9251B2CEB00B9C65A /* Track.swift */ = {isa = PBXFileReference; fileEncoding = 4; lastKnownFileType = sourcecode.swift; path = Track.swift; sourceTree = "<group>"; };
		920858EA251B2CEB00B9C65A /* MobilePushTrackingSchemaTest.swift */ = {isa = PBXFileReference; fileEncoding = 4; lastKnownFileType = sourcecode.swift; path = MobilePushTrackingSchemaTest.swift; sourceTree = "<group>"; };
		920858EB251B2CEB00B9C65A /* CustomAction.swift */ = {isa = PBXFileReference; fileEncoding = 4; lastKnownFileType = sourcecode.swift; path = CustomAction.swift; sourceTree = "<group>"; };
		920858EC251B2CEB00B9C65A /* Acopprod3.swift */ = {isa = PBXFileReference; fileEncoding = 4; lastKnownFileType = sourcecode.swift; path = Acopprod3.swift; sourceTree = "<group>"; };
		920858ED251B2CEB00B9C65A /* AuthenticatedState.swift */ = {isa = PBXFileReference; fileEncoding = 4; lastKnownFileType = sourcecode.swift; path = AuthenticatedState.swift; sourceTree = "<group>"; };
		920858EE251B2CEB00B9C65A /* IdentityMap.swift */ = {isa = PBXFileReference; fileEncoding = 4; lastKnownFileType = sourcecode.swift; path = IdentityMap.swift; sourceTree = "<group>"; };
		920858F7251B2CEB00B9C65A /* Info.plist */ = {isa = PBXFileReference; fileEncoding = 4; lastKnownFileType = text.plist.xml; path = Info.plist; sourceTree = "<group>"; };
		92085957251BC00100B9C65A /* Messaging.swift */ = {isa = PBXFileReference; fileEncoding = 4; lastKnownFileType = sourcecode.swift; path = Messaging.swift; sourceTree = "<group>"; };
		9208595F251BD4EF00B9C65A /* MessagingConstants.swift */ = {isa = PBXFileReference; lastKnownFileType = sourcecode.swift; path = MessagingConstants.swift; sourceTree = "<group>"; };
		92085982251BEB7100B9C65A /* MessagingDemoApp.app */ = {isa = PBXFileReference; explicitFileType = wrapper.application; includeInIndex = 0; path = MessagingDemoApp.app; sourceTree = BUILT_PRODUCTS_DIR; };
		92085984251BEB7100B9C65A /* AppDelegate.swift */ = {isa = PBXFileReference; lastKnownFileType = sourcecode.swift; path = AppDelegate.swift; sourceTree = "<group>"; };
		92085986251BEB7100B9C65A /* SceneDelegate.swift */ = {isa = PBXFileReference; lastKnownFileType = sourcecode.swift; path = SceneDelegate.swift; sourceTree = "<group>"; };
		92085988251BEB7100B9C65A /* ViewController.swift */ = {isa = PBXFileReference; lastKnownFileType = sourcecode.swift; path = ViewController.swift; sourceTree = "<group>"; };
		9208598B251BEB7100B9C65A /* Base */ = {isa = PBXFileReference; lastKnownFileType = file.storyboard; name = Base; path = Base.lproj/Main.storyboard; sourceTree = "<group>"; };
		9208598D251BEB7300B9C65A /* Assets.xcassets */ = {isa = PBXFileReference; lastKnownFileType = folder.assetcatalog; path = Assets.xcassets; sourceTree = "<group>"; };
		92085990251BEB7300B9C65A /* Base */ = {isa = PBXFileReference; lastKnownFileType = file.storyboard; name = Base; path = Base.lproj/LaunchScreen.storyboard; sourceTree = "<group>"; };
		92085992251BEB7300B9C65A /* Info.plist */ = {isa = PBXFileReference; lastKnownFileType = text.plist.xml; path = Info.plist; sourceTree = "<group>"; };
		922FFCEF251B2BBA00BCE010 /* libACPMessaging.a */ = {isa = PBXFileReference; explicitFileType = archive.ar; includeInIndex = 0; path = libACPMessaging.a; sourceTree = BUILT_PRODUCTS_DIR; };
		92AAB3DC251D3FD90051484A /* MessagingDemoApp.entitlements */ = {isa = PBXFileReference; lastKnownFileType = text.plist.entitlements; path = MessagingDemoApp.entitlements; sourceTree = SOURCE_ROOT; };
		D3D5F0934ED8AE8BFD0BA121 /* Pods-MessagingDemoApp.debug.xcconfig */ = {isa = PBXFileReference; includeInIndex = 1; lastKnownFileType = text.xcconfig; name = "Pods-MessagingDemoApp.debug.xcconfig"; path = "Target Support Files/Pods-MessagingDemoApp/Pods-MessagingDemoApp.debug.xcconfig"; sourceTree = "<group>"; };
		D9E9C472230B1150762020E5 /* Pods-ACPMessaging.debug.xcconfig */ = {isa = PBXFileReference; includeInIndex = 1; lastKnownFileType = text.xcconfig; name = "Pods-ACPMessaging.debug.xcconfig"; path = "Target Support Files/Pods-ACPMessaging/Pods-ACPMessaging.debug.xcconfig"; sourceTree = "<group>"; };
/* End PBXFileReference section */

/* Begin PBXFrameworksBuildPhase section */
		9208597F251BEB7100B9C65A /* Frameworks */ = {
			isa = PBXFrameworksBuildPhase;
			buildActionMask = 2147483647;
			files = (
				92BD7B77251C3DBF00C758CB /* libACPMessaging.a in Frameworks */,
				92BD7B44251C1E2A00C758CB /* BuildFile in Frameworks */,
				92BD7B18251C13A400C758CB /* BuildFile in Frameworks */,
				92BD7B16251C13A400C758CB /* BuildFile in Frameworks */,
				92BD7B42251C1E2A00C758CB /* BuildFile in Frameworks */,
				92BD7B40251C1E2A00C758CB /* BuildFile in Frameworks */,
				12BBA5C0BFAF4671BCB8E2B8 /* Pods_MessagingDemoApp.framework in Frameworks */,
			);
			runOnlyForDeploymentPostprocessing = 0;
		};
		922FFCEC251B2BBA00BCE010 /* Frameworks */ = {
			isa = PBXFrameworksBuildPhase;
			buildActionMask = 2147483647;
			files = (
				92BD7B3C251C1DEE00C758CB /* BuildFile in Frameworks */,
				92BD7B36251C1DEE00C758CB /* BuildFile in Frameworks */,
				92085934251B2D6C00B9C65A /* BuildFile in Frameworks */,
				92BD7B3A251C1DEE00C758CB /* BuildFile in Frameworks */,
				92BD7B38251C1DEE00C758CB /* BuildFile in Frameworks */,
				F359B2715DAD55F12A6F27E2 /* Pods_ACPMessaging.framework in Frameworks */,
			);
			runOnlyForDeploymentPostprocessing = 0;
		};
/* End PBXFrameworksBuildPhase section */

/* Begin PBXGroup section */
		2A4D31945863BC9FEBE21FE1 /* Pods */ = {
			isa = PBXGroup;
			children = (
				D9E9C472230B1150762020E5 /* Pods-ACPMessaging.debug.xcconfig */,
				1F1EF009F88A2317998B8949 /* Pods-ACPMessaging.release.xcconfig */,
				D3D5F0934ED8AE8BFD0BA121 /* Pods-MessagingDemoApp.debug.xcconfig */,
				890A05580524FBFB890DDA24 /* Pods-MessagingDemoApp.release.xcconfig */,
			);
			name = Pods;
			path = Pods;
			sourceTree = "<group>";
		};
		920858AD251B2C4800B9C65A /* unitTests */ = {
			isa = PBXGroup;
			children = (
				920858AE251B2C4800B9C65A /* ACPMessagingTests.swift */,
				920858AF251B2C4800B9C65A /* Info.plist */,
			);
			name = unitTests;
			path = code/unitTests;
			sourceTree = "<group>";
		};
		920858E2251B2CEB00B9C65A /* src */ = {
			isa = PBXGroup;
			children = (
				92085957251BC00100B9C65A /* Messaging.swift */,
				920858E3251B2CEB00B9C65A /* util */,
				920858E7251B2CEB00B9C65A /* xdmlib */,
				920858F7251B2CEB00B9C65A /* Info.plist */,
				9208595F251BD4EF00B9C65A /* MessagingConstants.swift */,
			);
			name = src;
			path = code/src;
			sourceTree = "<group>";
		};
		920858E3251B2CEB00B9C65A /* util */ = {
			isa = PBXGroup;
			children = (
				920858E4251B2CEB00B9C65A /* OperationQueue.swift */,
				920858E5251B2CEB00B9C65A /* ThreadSafeDictionary.swift */,
				920858E6251B2CEB00B9C65A /* AnyCodable.swift */,
			);
			path = util;
			sourceTree = "<group>";
		};
		920858E7251B2CEB00B9C65A /* xdmlib */ = {
			isa = PBXGroup;
			children = (
				920858E8251B2CEB00B9C65A /* Items.swift */,
				920858E9251B2CEB00B9C65A /* Track.swift */,
				920858EA251B2CEB00B9C65A /* MobilePushTrackingSchemaTest.swift */,
				920858EB251B2CEB00B9C65A /* CustomAction.swift */,
				920858EC251B2CEB00B9C65A /* Acopprod3.swift */,
				920858ED251B2CEB00B9C65A /* AuthenticatedState.swift */,
				920858EE251B2CEB00B9C65A /* IdentityMap.swift */,
			);
			path = xdmlib;
			sourceTree = "<group>";
		};
		92085983251BEB7100B9C65A /* MessagingDemoApp */ = {
			isa = PBXGroup;
			children = (
				92AAB3DC251D3FD90051484A /* MessagingDemoApp.entitlements */,
				92085984251BEB7100B9C65A /* AppDelegate.swift */,
				92085986251BEB7100B9C65A /* SceneDelegate.swift */,
				92085988251BEB7100B9C65A /* ViewController.swift */,
				9208598A251BEB7100B9C65A /* Main.storyboard */,
				9208598D251BEB7300B9C65A /* Assets.xcassets */,
				9208598F251BEB7300B9C65A /* LaunchScreen.storyboard */,
				92085992251BEB7300B9C65A /* Info.plist */,
			);
			name = MessagingDemoApp;
			path = demo/MessagingDemoApp;
			sourceTree = "<group>";
		};
		922FFCE6251B2BBA00BCE010 = {
			isa = PBXGroup;
			children = (
				920858E2251B2CEB00B9C65A /* src */,
				920858AD251B2C4800B9C65A /* unitTests */,
				92085983251BEB7100B9C65A /* MessagingDemoApp */,
				922FFCF0251B2BBA00BCE010 /* Products */,
				92BD7B0B251C0B7700C758CB /* Frameworks */,
				2A4D31945863BC9FEBE21FE1 /* Pods */,
			);
			sourceTree = "<group>";
		};
		922FFCF0251B2BBA00BCE010 /* Products */ = {
			isa = PBXGroup;
			children = (
				922FFCEF251B2BBA00BCE010 /* libACPMessaging.a */,
				92085982251BEB7100B9C65A /* MessagingDemoApp.app */,
			);
			name = Products;
			sourceTree = "<group>";
		};
		92BD7B0B251C0B7700C758CB /* Frameworks */ = {
			isa = PBXGroup;
			children = (
				6F5925C400CC7B4D3BE6F7C2 /* Pods_ACPMessaging.framework */,
				45CBF297E444E34785CA2D8D /* Pods_MessagingDemoApp.framework */,
			);
			name = Frameworks;
			sourceTree = "<group>";
		};
/* End PBXGroup section */

/* Begin PBXNativeTarget section */
		92085981251BEB7100B9C65A /* MessagingDemoApp */ = {
			isa = PBXNativeTarget;
			buildConfigurationList = 92085993251BEB7300B9C65A /* Build configuration list for PBXNativeTarget "MessagingDemoApp" */;
			buildPhases = (
				DD0C69327A7E6D8D34B526C6 /* [CP] Check Pods Manifest.lock */,
				9208597E251BEB7100B9C65A /* Sources */,
				9208597F251BEB7100B9C65A /* Frameworks */,
				92085980251BEB7100B9C65A /* Resources */,
				674B0E8D16C6989405072A5E /* [CP] Embed Pods Frameworks */,
			);
			buildRules = (
			);
			dependencies = (
				92BD7B6E251C298000C758CB /* PBXTargetDependency */,
			);
			name = MessagingDemoApp;
			packageProductDependencies = (
				92BD7B15251C13A400C758CB /* SwiftPackageProductDependency */,
				92BD7B17251C13A400C758CB /* SwiftPackageProductDependency */,
				92BD7B3F251C1E2A00C758CB /* SwiftPackageProductDependency */,
				92BD7B41251C1E2A00C758CB /* SwiftPackageProductDependency */,
				92BD7B43251C1E2A00C758CB /* SwiftPackageProductDependency */,
			);
			productName = MessagingDemoApp;
			productReference = 92085982251BEB7100B9C65A /* MessagingDemoApp.app */;
			productType = "com.apple.product-type.application";
		};
		922FFCEE251B2BBA00BCE010 /* ACPMessaging */ = {
			isa = PBXNativeTarget;
			buildConfigurationList = 922FFCF6251B2BBA00BCE010 /* Build configuration list for PBXNativeTarget "ACPMessaging" */;
			buildPhases = (
				73166516FD017EAF8E56571D /* [CP] Check Pods Manifest.lock */,
				922FFCEB251B2BBA00BCE010 /* Sources */,
				922FFCEC251B2BBA00BCE010 /* Frameworks */,
				922FFCED251B2BBA00BCE010 /* CopyFiles */,
			);
			buildRules = (
			);
			dependencies = (
				92A65998251E786E0011C986 /* PBXTargetDependency */,
				92A6599A251E786E0011C986 /* PBXTargetDependency */,
				92A6599C251E786E0011C986 /* PBXTargetDependency */,
				92A6599E251E786E0011C986 /* PBXTargetDependency */,
				92A659A0251E786E0011C986 /* PBXTargetDependency */,
				92A659A2251E786E0011C986 /* PBXTargetDependency */,
			);
			name = ACPMessaging;
			packageProductDependencies = (
				92085933251B2D6C00B9C65A /* SwiftPackageProductDependency */,
				92BD7B35251C1DEE00C758CB /* SwiftPackageProductDependency */,
				92BD7B37251C1DEE00C758CB /* SwiftPackageProductDependency */,
				92BD7B39251C1DEE00C758CB /* SwiftPackageProductDependency */,
				92BD7B3B251C1DEE00C758CB /* SwiftPackageProductDependency */,
			);
			productName = ACPMessaging;
			productReference = 922FFCEF251B2BBA00BCE010 /* libACPMessaging.a */;
			productType = "com.apple.product-type.library.static";
		};
/* End PBXNativeTarget section */

/* Begin PBXProject section */
		922FFCE7251B2BBA00BCE010 /* Project object */ = {
			isa = PBXProject;
			attributes = {
				LastSwiftUpdateCheck = 1200;
				LastUpgradeCheck = 1200;
				TargetAttributes = {
					92085981251BEB7100B9C65A = {
						CreatedOnToolsVersion = 12.0;
					};
					922FFCEE251B2BBA00BCE010 = {
						CreatedOnToolsVersion = 12.0;
					};
				};
			};
			buildConfigurationList = 922FFCEA251B2BBA00BCE010 /* Build configuration list for PBXProject "ACPMessaging" */;
			compatibilityVersion = "Xcode 9.3";
			developmentRegion = en;
			hasScannedForEncodings = 0;
			knownRegions = (
				en,
				Base,
			);
			mainGroup = 922FFCE6251B2BBA00BCE010;
			packageReferences = (
				92085932251B2D6C00B9C65A /* RemoteSwiftPackageReference */,
				92085936251B2D7F00B9C65A /* RemoteSwiftPackageReference */,
			);
			productRefGroup = 922FFCF0251B2BBA00BCE010 /* Products */;
			projectDirPath = "";
			projectRoot = "";
			targets = (
				922FFCEE251B2BBA00BCE010 /* ACPMessaging */,
				92085981251BEB7100B9C65A /* MessagingDemoApp */,
			);
		};
/* End PBXProject section */

/* Begin PBXResourcesBuildPhase section */
		92085980251BEB7100B9C65A /* Resources */ = {
			isa = PBXResourcesBuildPhase;
			buildActionMask = 2147483647;
			files = (
				92085991251BEB7300B9C65A /* LaunchScreen.storyboard in Resources */,
				9208598E251BEB7300B9C65A /* Assets.xcassets in Resources */,
				9208598C251BEB7100B9C65A /* Main.storyboard in Resources */,
			);
			runOnlyForDeploymentPostprocessing = 0;
		};
/* End PBXResourcesBuildPhase section */

/* Begin PBXShellScriptBuildPhase section */
		674B0E8D16C6989405072A5E /* [CP] Embed Pods Frameworks */ = {
			isa = PBXShellScriptBuildPhase;
			buildActionMask = 2147483647;
			files = (
			);
			inputFileListPaths = (
				"${PODS_ROOT}/Target Support Files/Pods-MessagingDemoApp/Pods-MessagingDemoApp-frameworks-${CONFIGURATION}-input-files.xcfilelist",
			);
			name = "[CP] Embed Pods Frameworks";
			outputFileListPaths = (
				"${PODS_ROOT}/Target Support Files/Pods-MessagingDemoApp/Pods-MessagingDemoApp-frameworks-${CONFIGURATION}-output-files.xcfilelist",
			);
			runOnlyForDeploymentPostprocessing = 0;
			shellPath = /bin/sh;
			shellScript = "\"${PODS_ROOT}/Target Support Files/Pods-MessagingDemoApp/Pods-MessagingDemoApp-frameworks.sh\"\n";
			showEnvVarsInLog = 0;
		};
		73166516FD017EAF8E56571D /* [CP] Check Pods Manifest.lock */ = {
			isa = PBXShellScriptBuildPhase;
			buildActionMask = 2147483647;
			files = (
			);
			inputFileListPaths = (
			);
			inputPaths = (
				"${PODS_PODFILE_DIR_PATH}/Podfile.lock",
				"${PODS_ROOT}/Manifest.lock",
			);
			name = "[CP] Check Pods Manifest.lock";
			outputFileListPaths = (
			);
			outputPaths = (
				"$(DERIVED_FILE_DIR)/Pods-ACPMessaging-checkManifestLockResult.txt",
			);
			runOnlyForDeploymentPostprocessing = 0;
			shellPath = /bin/sh;
			shellScript = "diff \"${PODS_PODFILE_DIR_PATH}/Podfile.lock\" \"${PODS_ROOT}/Manifest.lock\" > /dev/null\nif [ $? != 0 ] ; then\n    # print error to STDERR\n    echo \"error: The sandbox is not in sync with the Podfile.lock. Run 'pod install' or update your CocoaPods installation.\" >&2\n    exit 1\nfi\n# This output is used by Xcode 'outputs' to avoid re-running this script phase.\necho \"SUCCESS\" > \"${SCRIPT_OUTPUT_FILE_0}\"\n";
			showEnvVarsInLog = 0;
		};
		DD0C69327A7E6D8D34B526C6 /* [CP] Check Pods Manifest.lock */ = {
			isa = PBXShellScriptBuildPhase;
			buildActionMask = 2147483647;
			files = (
			);
			inputFileListPaths = (
			);
			inputPaths = (
				"${PODS_PODFILE_DIR_PATH}/Podfile.lock",
				"${PODS_ROOT}/Manifest.lock",
			);
			name = "[CP] Check Pods Manifest.lock";
			outputFileListPaths = (
			);
			outputPaths = (
				"$(DERIVED_FILE_DIR)/Pods-MessagingDemoApp-checkManifestLockResult.txt",
			);
			runOnlyForDeploymentPostprocessing = 0;
			shellPath = /bin/sh;
			shellScript = "diff \"${PODS_PODFILE_DIR_PATH}/Podfile.lock\" \"${PODS_ROOT}/Manifest.lock\" > /dev/null\nif [ $? != 0 ] ; then\n    # print error to STDERR\n    echo \"error: The sandbox is not in sync with the Podfile.lock. Run 'pod install' or update your CocoaPods installation.\" >&2\n    exit 1\nfi\n# This output is used by Xcode 'outputs' to avoid re-running this script phase.\necho \"SUCCESS\" > \"${SCRIPT_OUTPUT_FILE_0}\"\n";
			showEnvVarsInLog = 0;
		};
/* End PBXShellScriptBuildPhase section */

/* Begin PBXSourcesBuildPhase section */
		9208597E251BEB7100B9C65A /* Sources */ = {
			isa = PBXSourcesBuildPhase;
			buildActionMask = 2147483647;
			files = (
				92085989251BEB7100B9C65A /* ViewController.swift in Sources */,
				92085985251BEB7100B9C65A /* AppDelegate.swift in Sources */,
				92085987251BEB7100B9C65A /* SceneDelegate.swift in Sources */,
			);
			runOnlyForDeploymentPostprocessing = 0;
		};
		922FFCEB251B2BBA00BCE010 /* Sources */ = {
			isa = PBXSourcesBuildPhase;
			buildActionMask = 2147483647;
			files = (
				92BD7B80251C404400C758CB /* MobilePushTrackingSchemaTest.swift in Sources */,
				9208590A251B2CEB00B9C65A /* AuthenticatedState.swift in Sources */,
				92085905251B2CEB00B9C65A /* Items.swift in Sources */,
				92085904251B2CEB00B9C65A /* AnyCodable.swift in Sources */,
				92085960251BD4EF00B9C65A /* MessagingConstants.swift in Sources */,
				92085958251BC00100B9C65A /* Messaging.swift in Sources */,
				9208590B251B2CEB00B9C65A /* IdentityMap.swift in Sources */,
				92085903251B2CEB00B9C65A /* ThreadSafeDictionary.swift in Sources */,
				92085902251B2CEB00B9C65A /* OperationQueue.swift in Sources */,
				92085908251B2CEB00B9C65A /* CustomAction.swift in Sources */,
				92085909251B2CEB00B9C65A /* Acopprod3.swift in Sources */,
				92085906251B2CEB00B9C65A /* Track.swift in Sources */,
			);
			runOnlyForDeploymentPostprocessing = 0;
		};
/* End PBXSourcesBuildPhase section */

/* Begin PBXTargetDependency section */
		92A65998251E786E0011C986 /* PBXTargetDependency */ = {
			isa = PBXTargetDependency;
			productRef = 92A65997251E786E0011C986;
		};
		92A6599A251E786E0011C986 /* PBXTargetDependency */ = {
			isa = PBXTargetDependency;
			productRef = 92A65999251E786E0011C986;
		};
		92A6599C251E786E0011C986 /* PBXTargetDependency */ = {
			isa = PBXTargetDependency;
			productRef = 92A6599B251E786E0011C986;
		};
		92A6599E251E786E0011C986 /* PBXTargetDependency */ = {
			isa = PBXTargetDependency;
			productRef = 92A6599D251E786E0011C986;
		};
		92A659A0251E786E0011C986 /* PBXTargetDependency */ = {
			isa = PBXTargetDependency;
			productRef = 92A6599F251E786E0011C986;
		};
		92A659A2251E786E0011C986 /* PBXTargetDependency */ = {
			isa = PBXTargetDependency;
			productRef = 92A659A1251E786E0011C986;
		};
		92BD7B6E251C298000C758CB /* PBXTargetDependency */ = {
			isa = PBXTargetDependency;
			target = 922FFCEE251B2BBA00BCE010 /* ACPMessaging */;
			targetProxy = 92BD7B6D251C298000C758CB /* PBXContainerItemProxy */;
		};
/* End PBXTargetDependency section */

/* Begin PBXVariantGroup section */
		9208598A251BEB7100B9C65A /* Main.storyboard */ = {
			isa = PBXVariantGroup;
			children = (
				9208598B251BEB7100B9C65A /* Base */,
			);
			name = Main.storyboard;
			sourceTree = "<group>";
		};
		9208598F251BEB7300B9C65A /* LaunchScreen.storyboard */ = {
			isa = PBXVariantGroup;
			children = (
				92085990251BEB7300B9C65A /* Base */,
			);
			name = LaunchScreen.storyboard;
			sourceTree = "<group>";
		};
/* End PBXVariantGroup section */

/* Begin XCBuildConfiguration section */
		92085994251BEB7300B9C65A /* Debug */ = {
			isa = XCBuildConfiguration;
			baseConfigurationReference = D3D5F0934ED8AE8BFD0BA121 /* Pods-MessagingDemoApp.debug.xcconfig */;
			buildSettings = {
				ASSETCATALOG_COMPILER_APPICON_NAME = AppIcon;
				ASSETCATALOG_COMPILER_GLOBAL_ACCENT_COLOR_NAME = AccentColor;
				CODE_SIGN_ENTITLEMENTS = MessagingDemoApp.entitlements;
				CODE_SIGN_STYLE = Automatic;
				DEVELOPMENT_TEAM = FKGEE875K4;
				INFOPLIST_FILE = demo/MessagingDemoApp/Info.plist;
				IPHONEOS_DEPLOYMENT_TARGET = 13.5;
				LD_RUNPATH_SEARCH_PATHS = (
					"$(inherited)",
					"@executable_path/Frameworks",
				);
				PRODUCT_BUNDLE_IDENTIFIER = com.adobe.MessagingDemoApp;
				PRODUCT_NAME = "$(TARGET_NAME)";
				SWIFT_VERSION = 5.0;
				TARGETED_DEVICE_FAMILY = "1,2";
			};
			name = Debug;
		};
		92085995251BEB7300B9C65A /* Release */ = {
			isa = XCBuildConfiguration;
			baseConfigurationReference = 890A05580524FBFB890DDA24 /* Pods-MessagingDemoApp.release.xcconfig */;
			buildSettings = {
				ASSETCATALOG_COMPILER_APPICON_NAME = AppIcon;
				ASSETCATALOG_COMPILER_GLOBAL_ACCENT_COLOR_NAME = AccentColor;
				CODE_SIGN_ENTITLEMENTS = MessagingDemoApp.entitlements;
				CODE_SIGN_STYLE = Automatic;
				DEVELOPMENT_TEAM = FKGEE875K4;
				INFOPLIST_FILE = demo/MessagingDemoApp/Info.plist;
				IPHONEOS_DEPLOYMENT_TARGET = 13.5;
				LD_RUNPATH_SEARCH_PATHS = (
					"$(inherited)",
					"@executable_path/Frameworks",
				);
				PRODUCT_BUNDLE_IDENTIFIER = com.adobe.MessagingDemoApp;
				PRODUCT_NAME = "$(TARGET_NAME)";
				SWIFT_VERSION = 5.0;
				TARGETED_DEVICE_FAMILY = "1,2";
			};
			name = Release;
		};
		922FFCF4251B2BBA00BCE010 /* Debug */ = {
			isa = XCBuildConfiguration;
			buildSettings = {
				ALWAYS_SEARCH_USER_PATHS = NO;
				CLANG_ANALYZER_NONNULL = YES;
				CLANG_ANALYZER_NUMBER_OBJECT_CONVERSION = YES_AGGRESSIVE;
				CLANG_CXX_LANGUAGE_STANDARD = "gnu++14";
				CLANG_CXX_LIBRARY = "libc++";
				CLANG_ENABLE_MODULES = YES;
				CLANG_ENABLE_OBJC_ARC = YES;
				CLANG_ENABLE_OBJC_WEAK = YES;
				CLANG_WARN_BLOCK_CAPTURE_AUTORELEASING = YES;
				CLANG_WARN_BOOL_CONVERSION = YES;
				CLANG_WARN_COMMA = YES;
				CLANG_WARN_CONSTANT_CONVERSION = YES;
				CLANG_WARN_DEPRECATED_OBJC_IMPLEMENTATIONS = YES;
				CLANG_WARN_DIRECT_OBJC_ISA_USAGE = YES_ERROR;
				CLANG_WARN_DOCUMENTATION_COMMENTS = YES;
				CLANG_WARN_EMPTY_BODY = YES;
				CLANG_WARN_ENUM_CONVERSION = YES;
				CLANG_WARN_INFINITE_RECURSION = YES;
				CLANG_WARN_INT_CONVERSION = YES;
				CLANG_WARN_NON_LITERAL_NULL_CONVERSION = YES;
				CLANG_WARN_OBJC_IMPLICIT_RETAIN_SELF = YES;
				CLANG_WARN_OBJC_LITERAL_CONVERSION = YES;
				CLANG_WARN_OBJC_ROOT_CLASS = YES_ERROR;
				CLANG_WARN_QUOTED_INCLUDE_IN_FRAMEWORK_HEADER = YES;
				CLANG_WARN_RANGE_LOOP_ANALYSIS = YES;
				CLANG_WARN_STRICT_PROTOTYPES = YES;
				CLANG_WARN_SUSPICIOUS_MOVE = YES;
				CLANG_WARN_UNGUARDED_AVAILABILITY = YES_AGGRESSIVE;
				CLANG_WARN_UNREACHABLE_CODE = YES;
				CLANG_WARN__DUPLICATE_METHOD_MATCH = YES;
				COPY_PHASE_STRIP = NO;
				DEBUG_INFORMATION_FORMAT = dwarf;
				ENABLE_STRICT_OBJC_MSGSEND = YES;
				ENABLE_TESTABILITY = YES;
				GCC_C_LANGUAGE_STANDARD = gnu11;
				GCC_DYNAMIC_NO_PIC = NO;
				GCC_NO_COMMON_BLOCKS = YES;
				GCC_OPTIMIZATION_LEVEL = 0;
				GCC_PREPROCESSOR_DEFINITIONS = (
					"DEBUG=1",
					"$(inherited)",
				);
				GCC_WARN_64_TO_32_BIT_CONVERSION = YES;
				GCC_WARN_ABOUT_RETURN_TYPE = YES_ERROR;
				GCC_WARN_UNDECLARED_SELECTOR = YES;
				GCC_WARN_UNINITIALIZED_AUTOS = YES_AGGRESSIVE;
				GCC_WARN_UNUSED_FUNCTION = YES;
				GCC_WARN_UNUSED_VARIABLE = YES;
				IPHONEOS_DEPLOYMENT_TARGET = 10.0;
				MTL_ENABLE_DEBUG_INFO = INCLUDE_SOURCE;
				MTL_FAST_MATH = YES;
				ONLY_ACTIVE_ARCH = YES;
				SDKROOT = iphoneos;
				SWIFT_ACTIVE_COMPILATION_CONDITIONS = DEBUG;
				SWIFT_OPTIMIZATION_LEVEL = "-Onone";
			};
			name = Debug;
		};
		922FFCF5251B2BBA00BCE010 /* Release */ = {
			isa = XCBuildConfiguration;
			buildSettings = {
				ALWAYS_SEARCH_USER_PATHS = NO;
				CLANG_ANALYZER_NONNULL = YES;
				CLANG_ANALYZER_NUMBER_OBJECT_CONVERSION = YES_AGGRESSIVE;
				CLANG_CXX_LANGUAGE_STANDARD = "gnu++14";
				CLANG_CXX_LIBRARY = "libc++";
				CLANG_ENABLE_MODULES = YES;
				CLANG_ENABLE_OBJC_ARC = YES;
				CLANG_ENABLE_OBJC_WEAK = YES;
				CLANG_WARN_BLOCK_CAPTURE_AUTORELEASING = YES;
				CLANG_WARN_BOOL_CONVERSION = YES;
				CLANG_WARN_COMMA = YES;
				CLANG_WARN_CONSTANT_CONVERSION = YES;
				CLANG_WARN_DEPRECATED_OBJC_IMPLEMENTATIONS = YES;
				CLANG_WARN_DIRECT_OBJC_ISA_USAGE = YES_ERROR;
				CLANG_WARN_DOCUMENTATION_COMMENTS = YES;
				CLANG_WARN_EMPTY_BODY = YES;
				CLANG_WARN_ENUM_CONVERSION = YES;
				CLANG_WARN_INFINITE_RECURSION = YES;
				CLANG_WARN_INT_CONVERSION = YES;
				CLANG_WARN_NON_LITERAL_NULL_CONVERSION = YES;
				CLANG_WARN_OBJC_IMPLICIT_RETAIN_SELF = YES;
				CLANG_WARN_OBJC_LITERAL_CONVERSION = YES;
				CLANG_WARN_OBJC_ROOT_CLASS = YES_ERROR;
				CLANG_WARN_QUOTED_INCLUDE_IN_FRAMEWORK_HEADER = YES;
				CLANG_WARN_RANGE_LOOP_ANALYSIS = YES;
				CLANG_WARN_STRICT_PROTOTYPES = YES;
				CLANG_WARN_SUSPICIOUS_MOVE = YES;
				CLANG_WARN_UNGUARDED_AVAILABILITY = YES_AGGRESSIVE;
				CLANG_WARN_UNREACHABLE_CODE = YES;
				CLANG_WARN__DUPLICATE_METHOD_MATCH = YES;
				COPY_PHASE_STRIP = NO;
				DEBUG_INFORMATION_FORMAT = "dwarf-with-dsym";
				ENABLE_NS_ASSERTIONS = NO;
				ENABLE_STRICT_OBJC_MSGSEND = YES;
				GCC_C_LANGUAGE_STANDARD = gnu11;
				GCC_NO_COMMON_BLOCKS = YES;
				GCC_WARN_64_TO_32_BIT_CONVERSION = YES;
				GCC_WARN_ABOUT_RETURN_TYPE = YES_ERROR;
				GCC_WARN_UNDECLARED_SELECTOR = YES;
				GCC_WARN_UNINITIALIZED_AUTOS = YES_AGGRESSIVE;
				GCC_WARN_UNUSED_FUNCTION = YES;
				GCC_WARN_UNUSED_VARIABLE = YES;
				IPHONEOS_DEPLOYMENT_TARGET = 10.0;
				MTL_ENABLE_DEBUG_INFO = NO;
				MTL_FAST_MATH = YES;
				SDKROOT = iphoneos;
				SWIFT_COMPILATION_MODE = wholemodule;
				SWIFT_OPTIMIZATION_LEVEL = "-O";
				VALIDATE_PRODUCT = YES;
			};
			name = Release;
		};
		922FFCF7251B2BBA00BCE010 /* Debug */ = {
			isa = XCBuildConfiguration;
			baseConfigurationReference = D9E9C472230B1150762020E5 /* Pods-ACPMessaging.debug.xcconfig */;
			buildSettings = {
				CODE_SIGN_STYLE = Automatic;
				DEVELOPMENT_TEAM = FKGEE875K4;
				INSTALL_PATH = "$(SRCROOT)";
				MACH_O_TYPE = staticlib;
				OTHER_LDFLAGS = "";
				PRODUCT_NAME = "$(TARGET_NAME)";
				SKIP_INSTALL = YES;
				SWIFT_VERSION = 5.0;
				TARGETED_DEVICE_FAMILY = "1,2";
			};
			name = Debug;
		};
		922FFCF8251B2BBA00BCE010 /* Release */ = {
			isa = XCBuildConfiguration;
			baseConfigurationReference = 1F1EF009F88A2317998B8949 /* Pods-ACPMessaging.release.xcconfig */;
			buildSettings = {
				CODE_SIGN_STYLE = Automatic;
				DEVELOPMENT_TEAM = FKGEE875K4;
				INSTALL_PATH = "$(SRCROOT)";
				MACH_O_TYPE = staticlib;
				OTHER_LDFLAGS = "";
				PRODUCT_NAME = "$(TARGET_NAME)";
				SKIP_INSTALL = YES;
				SWIFT_VERSION = 5.0;
				TARGETED_DEVICE_FAMILY = "1,2";
			};
			name = Release;
		};
/* End XCBuildConfiguration section */

/* Begin XCConfigurationList section */
		92085993251BEB7300B9C65A /* Build configuration list for PBXNativeTarget "MessagingDemoApp" */ = {
			isa = XCConfigurationList;
			buildConfigurations = (
				92085994251BEB7300B9C65A /* Debug */,
				92085995251BEB7300B9C65A /* Release */,
			);
			defaultConfigurationIsVisible = 0;
			defaultConfigurationName = Release;
		};
		922FFCEA251B2BBA00BCE010 /* Build configuration list for PBXProject "ACPMessaging" */ = {
			isa = XCConfigurationList;
			buildConfigurations = (
				922FFCF4251B2BBA00BCE010 /* Debug */,
				922FFCF5251B2BBA00BCE010 /* Release */,
			);
			defaultConfigurationIsVisible = 0;
			defaultConfigurationName = Release;
		};
		922FFCF6251B2BBA00BCE010 /* Build configuration list for PBXNativeTarget "ACPMessaging" */ = {
			isa = XCConfigurationList;
			buildConfigurations = (
				922FFCF7251B2BBA00BCE010 /* Debug */,
				922FFCF8251B2BBA00BCE010 /* Release */,
			);
			defaultConfigurationIsVisible = 0;
			defaultConfigurationName = Release;
		};
/* End XCConfigurationList section */

/* Begin XCRemoteSwiftPackageReference section */
		92085932251B2D6C00B9C65A /* RemoteSwiftPackageReference */ = {
			isa = XCRemoteSwiftPackageReference;
			repositoryURL = "https://github.com/adobe/aepsdk-platform-ios.git";
			requirement = {
				branch = dev;
				kind = branch;
			};
		};
		92085936251B2D7F00B9C65A /* RemoteSwiftPackageReference */ = {
			isa = XCRemoteSwiftPackageReference;
			repositoryURL = "https://github.com/adobe/aepsdk-core-ios.git";
			requirement = {
				branch = main;
				kind = branch;
			};
		};
/* End XCRemoteSwiftPackageReference section */

/* Begin XCSwiftPackageProductDependency section */
		92085933251B2D6C00B9C65A /* SwiftPackageProductDependency */ = {
			isa = XCSwiftPackageProductDependency;
			package = 92085932251B2D6C00B9C65A /* RemoteSwiftPackageReference */;
			productName = AEPExperiencePlatform;
		};
		92BD7B15251C13A400C758CB /* SwiftPackageProductDependency */ = {
			isa = XCSwiftPackageProductDependency;
			package = 92085932251B2D6C00B9C65A /* RemoteSwiftPackageReference */;
			productName = AEPExperiencePlatform;
		};
		92BD7B17251C13A400C758CB /* SwiftPackageProductDependency */ = {
			isa = XCSwiftPackageProductDependency;
			package = 92085936251B2D7F00B9C65A /* RemoteSwiftPackageReference */;
			productName = AEPCore;
		};
		92BD7B35251C1DEE00C758CB /* SwiftPackageProductDependency */ = {
			isa = XCSwiftPackageProductDependency;
			package = 92085936251B2D7F00B9C65A /* RemoteSwiftPackageReference */;
			productName = AEPCore;
		};
		92BD7B37251C1DEE00C758CB /* SwiftPackageProductDependency */ = {
			isa = XCSwiftPackageProductDependency;
			package = 92085936251B2D7F00B9C65A /* RemoteSwiftPackageReference */;
			productName = AEPIdentity;
		};
		92BD7B39251C1DEE00C758CB /* SwiftPackageProductDependency */ = {
			isa = XCSwiftPackageProductDependency;
			package = 92085936251B2D7F00B9C65A /* RemoteSwiftPackageReference */;
			productName = AEPLifecycle;
		};
		92BD7B3B251C1DEE00C758CB /* SwiftPackageProductDependency */ = {
			isa = XCSwiftPackageProductDependency;
			package = 92085936251B2D7F00B9C65A /* RemoteSwiftPackageReference */;
			productName = AEPServices;
		};
		92BD7B3F251C1E2A00C758CB /* SwiftPackageProductDependency */ = {
			isa = XCSwiftPackageProductDependency;
			package = 92085936251B2D7F00B9C65A /* RemoteSwiftPackageReference */;
			productName = AEPIdentity;
		};
		92BD7B41251C1E2A00C758CB /* SwiftPackageProductDependency */ = {
			isa = XCSwiftPackageProductDependency;
			package = 92085936251B2D7F00B9C65A /* RemoteSwiftPackageReference */;
			productName = AEPLifecycle;
		};
		92BD7B43251C1E2A00C758CB /* SwiftPackageProductDependency */ = {
			isa = XCSwiftPackageProductDependency;
			package = 92085936251B2D7F00B9C65A /* RemoteSwiftPackageReference */;
			productName = AEPServices;
		};
/* End XCSwiftPackageProductDependency section */
	};
	rootObject = 922FFCE7251B2BBA00BCE010 /* Project object */;
}
