// !$*UTF8*$!
{
	archiveVersion = 1;
	classes = {
	};
	objectVersion = 50;
	objects = {

/* Begin PBXBuildFile section */
		09DF8E992A13B8F3A1726C69 /* Pods_ACPMessaging_ACPMessagingTests.framework in Frameworks */ = {isa = PBXBuildFile; fileRef = D469D0AC13411147A951684E /* Pods_ACPMessaging_ACPMessagingTests.framework */; };
		133B1F0D0CA846959EBF5319 /* Pods_ACPMessaging.framework in Frameworks */ = {isa = PBXBuildFile; fileRef = 5F9289E3020F0E6F81551653 /* Pods_ACPMessaging.framework */; };
		246818E4247DCB7500E0127D /* ACPMessaging.framework in Frameworks */ = {isa = PBXBuildFile; fileRef = 246818DA247DCB7500E0127D /* ACPMessaging.framework */; };
		246818E9247DCB7500E0127D /* ACPMessagingTests.swift in Sources */ = {isa = PBXBuildFile; fileRef = 246818E8247DCB7500E0127D /* ACPMessagingTests.swift */; };
		246818EB247DCB7500E0127D /* ACPMessaging.h in Headers */ = {isa = PBXBuildFile; fileRef = 246818DD247DCB7500E0127D /* ACPMessaging.h */; settings = {ATTRIBUTES = (Public, ); }; };
		246818F5247DCBFE00E0127D /* Messaging.swift in Sources */ = {isa = PBXBuildFile; fileRef = 246818F4247DCBFE00E0127D /* Messaging.swift */; };
		246818F72485C12600E0127D /* MessagingInternal.swift in Sources */ = {isa = PBXBuildFile; fileRef = 246818F62485C12600E0127D /* MessagingInternal.swift */; };
		246818F92485C20B00E0127D /* MessagingRequestListener.swift in Sources */ = {isa = PBXBuildFile; fileRef = 246818F82485C20B00E0127D /* MessagingRequestListener.swift */; };
		246818FB2485C21600E0127D /* MessagingResponseListener.swift in Sources */ = {isa = PBXBuildFile; fileRef = 246818FA2485C21600E0127D /* MessagingResponseListener.swift */; };
		246818FD2485C23900E0127D /* MessagingConstants.swift in Sources */ = {isa = PBXBuildFile; fileRef = 246818FC2485C23900E0127D /* MessagingConstants.swift */; };
		246819042486CA9800E0127D /* AnyCodable.swift in Sources */ = {isa = PBXBuildFile; fileRef = 246819012486CA9800E0127D /* AnyCodable.swift */; };
		246819052486CA9800E0127D /* OperationQueue.swift in Sources */ = {isa = PBXBuildFile; fileRef = 246819022486CA9800E0127D /* OperationQueue.swift */; };
		246819062486CA9800E0127D /* ThreadSafeDictionary.swift in Sources */ = {isa = PBXBuildFile; fileRef = 246819032486CA9800E0127D /* ThreadSafeDictionary.swift */; };
		2468191124885BDB00E0127D /* NamedUserDefaultsStore.swift in Sources */ = {isa = PBXBuildFile; fileRef = 2468190824885BDB00E0127D /* NamedUserDefaultsStore.swift */; };
		2468191224885BDB00E0127D /* AEPServiceProvider.swift in Sources */ = {isa = PBXBuildFile; fileRef = 2468190924885BDB00E0127D /* AEPServiceProvider.swift */; };
		2468191324885BDB00E0127D /* AEPNetworkService.swift in Sources */ = {isa = PBXBuildFile; fileRef = 2468190B24885BDB00E0127D /* AEPNetworkService.swift */; };
		2468191424885BDB00E0127D /* NetworkService.swift in Sources */ = {isa = PBXBuildFile; fileRef = 2468190C24885BDB00E0127D /* NetworkService.swift */; };
		2468191524885BDB00E0127D /* HttpMethod.swift in Sources */ = {isa = PBXBuildFile; fileRef = 2468190D24885BDB00E0127D /* HttpMethod.swift */; };
		2468191624885BDB00E0127D /* HttpConnection.swift in Sources */ = {isa = PBXBuildFile; fileRef = 2468190E24885BDB00E0127D /* HttpConnection.swift */; };
		2468191724885BDB00E0127D /* NetworkRequest.swift in Sources */ = {isa = PBXBuildFile; fileRef = 2468190F24885BDB00E0127D /* NetworkRequest.swift */; };
		2468191824885BDB00E0127D /* KeyValueStore.swift in Sources */ = {isa = PBXBuildFile; fileRef = 2468191024885BDB00E0127D /* KeyValueStore.swift */; };
/* End PBXBuildFile section */

/* Begin PBXContainerItemProxy section */
		246818E5247DCB7500E0127D /* PBXContainerItemProxy */ = {
			isa = PBXContainerItemProxy;
			containerPortal = 246818D1247DCB7500E0127D /* Project object */;
			proxyType = 1;
			remoteGlobalIDString = 246818D9247DCB7500E0127D;
			remoteInfo = ACPMessaging;
		};
/* End PBXContainerItemProxy section */

/* Begin PBXFileReference section */
		1B8E01BAD37CED4AA79EDBDE /* Pods-ACPMessaging-ACPMessagingTests.release.xcconfig */ = {isa = PBXFileReference; includeInIndex = 1; lastKnownFileType = text.xcconfig; name = "Pods-ACPMessaging-ACPMessagingTests.release.xcconfig"; path = "Target Support Files/Pods-ACPMessaging-ACPMessagingTests/Pods-ACPMessaging-ACPMessagingTests.release.xcconfig"; sourceTree = "<group>"; };
		246818DA247DCB7500E0127D /* ACPMessaging.framework */ = {isa = PBXFileReference; explicitFileType = wrapper.framework; includeInIndex = 0; path = ACPMessaging.framework; sourceTree = BUILT_PRODUCTS_DIR; };
		246818DD247DCB7500E0127D /* ACPMessaging.h */ = {isa = PBXFileReference; lastKnownFileType = sourcecode.c.h; path = ACPMessaging.h; sourceTree = "<group>"; };
		246818DE247DCB7500E0127D /* Info.plist */ = {isa = PBXFileReference; lastKnownFileType = text.plist.xml; path = Info.plist; sourceTree = "<group>"; };
		246818E3247DCB7500E0127D /* ACPMessagingTests.xctest */ = {isa = PBXFileReference; explicitFileType = wrapper.cfbundle; includeInIndex = 0; path = ACPMessagingTests.xctest; sourceTree = BUILT_PRODUCTS_DIR; };
		246818E8247DCB7500E0127D /* ACPMessagingTests.swift */ = {isa = PBXFileReference; lastKnownFileType = sourcecode.swift; path = ACPMessagingTests.swift; sourceTree = "<group>"; };
		246818EA247DCB7500E0127D /* Info.plist */ = {isa = PBXFileReference; lastKnownFileType = text.plist.xml; path = Info.plist; sourceTree = "<group>"; };
		246818F4247DCBFE00E0127D /* Messaging.swift */ = {isa = PBXFileReference; lastKnownFileType = sourcecode.swift; path = Messaging.swift; sourceTree = "<group>"; };
		246818F62485C12600E0127D /* MessagingInternal.swift */ = {isa = PBXFileReference; lastKnownFileType = sourcecode.swift; path = MessagingInternal.swift; sourceTree = "<group>"; };
		246818F82485C20B00E0127D /* MessagingRequestListener.swift */ = {isa = PBXFileReference; lastKnownFileType = sourcecode.swift; path = MessagingRequestListener.swift; sourceTree = "<group>"; };
		246818FA2485C21600E0127D /* MessagingResponseListener.swift */ = {isa = PBXFileReference; lastKnownFileType = sourcecode.swift; path = MessagingResponseListener.swift; sourceTree = "<group>"; };
		246818FC2485C23900E0127D /* MessagingConstants.swift */ = {isa = PBXFileReference; lastKnownFileType = sourcecode.swift; path = MessagingConstants.swift; sourceTree = "<group>"; };
		246819012486CA9800E0127D /* AnyCodable.swift */ = {isa = PBXFileReference; fileEncoding = 4; lastKnownFileType = sourcecode.swift; path = AnyCodable.swift; sourceTree = "<group>"; };
		246819022486CA9800E0127D /* OperationQueue.swift */ = {isa = PBXFileReference; fileEncoding = 4; lastKnownFileType = sourcecode.swift; path = OperationQueue.swift; sourceTree = "<group>"; };
		246819032486CA9800E0127D /* ThreadSafeDictionary.swift */ = {isa = PBXFileReference; fileEncoding = 4; lastKnownFileType = sourcecode.swift; path = ThreadSafeDictionary.swift; sourceTree = "<group>"; };
		2468190824885BDB00E0127D /* NamedUserDefaultsStore.swift */ = {isa = PBXFileReference; fileEncoding = 4; lastKnownFileType = sourcecode.swift; path = NamedUserDefaultsStore.swift; sourceTree = "<group>"; };
		2468190924885BDB00E0127D /* AEPServiceProvider.swift */ = {isa = PBXFileReference; fileEncoding = 4; lastKnownFileType = sourcecode.swift; path = AEPServiceProvider.swift; sourceTree = "<group>"; };
		2468190B24885BDB00E0127D /* AEPNetworkService.swift */ = {isa = PBXFileReference; fileEncoding = 4; lastKnownFileType = sourcecode.swift; path = AEPNetworkService.swift; sourceTree = "<group>"; };
		2468190C24885BDB00E0127D /* NetworkService.swift */ = {isa = PBXFileReference; fileEncoding = 4; lastKnownFileType = sourcecode.swift; path = NetworkService.swift; sourceTree = "<group>"; };
		2468190D24885BDB00E0127D /* HttpMethod.swift */ = {isa = PBXFileReference; fileEncoding = 4; lastKnownFileType = sourcecode.swift; path = HttpMethod.swift; sourceTree = "<group>"; };
		2468190E24885BDB00E0127D /* HttpConnection.swift */ = {isa = PBXFileReference; fileEncoding = 4; lastKnownFileType = sourcecode.swift; path = HttpConnection.swift; sourceTree = "<group>"; };
		2468190F24885BDB00E0127D /* NetworkRequest.swift */ = {isa = PBXFileReference; fileEncoding = 4; lastKnownFileType = sourcecode.swift; path = NetworkRequest.swift; sourceTree = "<group>"; };
		2468191024885BDB00E0127D /* KeyValueStore.swift */ = {isa = PBXFileReference; fileEncoding = 4; lastKnownFileType = sourcecode.swift; path = KeyValueStore.swift; sourceTree = "<group>"; };
		47E532287A4DAFF0F17146BA /* Pods-ACPMessaging.debug.xcconfig */ = {isa = PBXFileReference; includeInIndex = 1; lastKnownFileType = text.xcconfig; name = "Pods-ACPMessaging.debug.xcconfig"; path = "Target Support Files/Pods-ACPMessaging/Pods-ACPMessaging.debug.xcconfig"; sourceTree = "<group>"; };
		5F9289E3020F0E6F81551653 /* Pods_ACPMessaging.framework */ = {isa = PBXFileReference; explicitFileType = wrapper.framework; includeInIndex = 0; path = Pods_ACPMessaging.framework; sourceTree = BUILT_PRODUCTS_DIR; };
		B7AA4C036FC09F71E97CCD5A /* Pods-ACPMessaging.release.xcconfig */ = {isa = PBXFileReference; includeInIndex = 1; lastKnownFileType = text.xcconfig; name = "Pods-ACPMessaging.release.xcconfig"; path = "Target Support Files/Pods-ACPMessaging/Pods-ACPMessaging.release.xcconfig"; sourceTree = "<group>"; };
		BEABEC668C1738A6B1DEE6EA /* Pods-ACPMessaging-ACPMessagingTests.debug.xcconfig */ = {isa = PBXFileReference; includeInIndex = 1; lastKnownFileType = text.xcconfig; name = "Pods-ACPMessaging-ACPMessagingTests.debug.xcconfig"; path = "Target Support Files/Pods-ACPMessaging-ACPMessagingTests/Pods-ACPMessaging-ACPMessagingTests.debug.xcconfig"; sourceTree = "<group>"; };
		D469D0AC13411147A951684E /* Pods_ACPMessaging_ACPMessagingTests.framework */ = {isa = PBXFileReference; explicitFileType = wrapper.framework; includeInIndex = 0; path = Pods_ACPMessaging_ACPMessagingTests.framework; sourceTree = BUILT_PRODUCTS_DIR; };
/* End PBXFileReference section */

/* Begin PBXFrameworksBuildPhase section */
		246818D7247DCB7500E0127D /* Frameworks */ = {
			isa = PBXFrameworksBuildPhase;
			buildActionMask = 2147483647;
			files = (
				133B1F0D0CA846959EBF5319 /* Pods_ACPMessaging.framework in Frameworks */,
			);
			runOnlyForDeploymentPostprocessing = 0;
		};
		246818E0247DCB7500E0127D /* Frameworks */ = {
			isa = PBXFrameworksBuildPhase;
			buildActionMask = 2147483647;
			files = (
				246818E4247DCB7500E0127D /* ACPMessaging.framework in Frameworks */,
				09DF8E992A13B8F3A1726C69 /* Pods_ACPMessaging_ACPMessagingTests.framework in Frameworks */,
			);
			runOnlyForDeploymentPostprocessing = 0;
		};
/* End PBXFrameworksBuildPhase section */

/* Begin PBXGroup section */
		246818D0247DCB7500E0127D = {
			isa = PBXGroup;
			children = (
				246818DC247DCB7500E0127D /* ACPMessaging */,
				246818E7247DCB7500E0127D /* ACPMessagingTests */,
				246818DB247DCB7500E0127D /* Products */,
				C089216DE08017298AC14A4B /* Pods */,
				346FAD520A99A9DE8DC2258F /* Frameworks */,
			);
			sourceTree = "<group>";
		};
		246818DB247DCB7500E0127D /* Products */ = {
			isa = PBXGroup;
			children = (
				246818DA247DCB7500E0127D /* ACPMessaging.framework */,
				246818E3247DCB7500E0127D /* ACPMessagingTests.xctest */,
			);
			name = Products;
			sourceTree = "<group>";
		};
		246818DC247DCB7500E0127D /* ACPMessaging */ = {
			isa = PBXGroup;
			children = (
				246818FF2485C2A400E0127D /* internal */,
				246818FE2485C28300E0127D /* public */,
				2468190724885BAF00E0127D /* services */,
				246819002486CA7500E0127D /* util */,
				246818DE247DCB7500E0127D /* Info.plist */,
			);
			path = ACPMessaging;
			sourceTree = "<group>";
		};
		246818E7247DCB7500E0127D /* ACPMessagingTests */ = {
			isa = PBXGroup;
			children = (
				246818E8247DCB7500E0127D /* ACPMessagingTests.swift */,
				246818EA247DCB7500E0127D /* Info.plist */,
			);
			path = ACPMessagingTests;
			sourceTree = "<group>";
		};
		246818FE2485C28300E0127D /* public */ = {
			isa = PBXGroup;
			children = (
				246818F4247DCBFE00E0127D /* Messaging.swift */,
				246818DD247DCB7500E0127D /* ACPMessaging.h */,
			);
			path = public;
			sourceTree = "<group>";
		};
		246818FF2485C2A400E0127D /* internal */ = {
			isa = PBXGroup;
			children = (
				246818FC2485C23900E0127D /* MessagingConstants.swift */,
				246818F62485C12600E0127D /* MessagingInternal.swift */,
				246818F82485C20B00E0127D /* MessagingRequestListener.swift */,
				246818FA2485C21600E0127D /* MessagingResponseListener.swift */,
			);
			path = internal;
			sourceTree = "<group>";
		};
		246819002486CA7500E0127D /* util */ = {
			isa = PBXGroup;
			children = (
				246819012486CA9800E0127D /* AnyCodable.swift */,
				246819022486CA9800E0127D /* OperationQueue.swift */,
				246819032486CA9800E0127D /* ThreadSafeDictionary.swift */,
			);
			path = util;
			sourceTree = "<group>";
		};
		2468190724885BAF00E0127D /* services */ = {
			isa = PBXGroup;
			children = (
				2468190A24885BDB00E0127D /* NetworkService */,
				2468190924885BDB00E0127D /* AEPServiceProvider.swift */,
				2468191024885BDB00E0127D /* KeyValueStore.swift */,
				2468190824885BDB00E0127D /* NamedUserDefaultsStore.swift */,
			);
			path = services;
			sourceTree = "<group>";
		};
		2468190A24885BDB00E0127D /* NetworkService */ = {
			isa = PBXGroup;
			children = (
				2468190B24885BDB00E0127D /* AEPNetworkService.swift */,
				2468190C24885BDB00E0127D /* NetworkService.swift */,
				2468190D24885BDB00E0127D /* HttpMethod.swift */,
				2468190E24885BDB00E0127D /* HttpConnection.swift */,
				2468190F24885BDB00E0127D /* NetworkRequest.swift */,
			);
			path = NetworkService;
			sourceTree = "<group>";
		};
		346FAD520A99A9DE8DC2258F /* Frameworks */ = {
			isa = PBXGroup;
			children = (
				5F9289E3020F0E6F81551653 /* Pods_ACPMessaging.framework */,
				D469D0AC13411147A951684E /* Pods_ACPMessaging_ACPMessagingTests.framework */,
			);
			name = Frameworks;
			sourceTree = "<group>";
		};
		C089216DE08017298AC14A4B /* Pods */ = {
			isa = PBXGroup;
			children = (
				47E532287A4DAFF0F17146BA /* Pods-ACPMessaging.debug.xcconfig */,
				B7AA4C036FC09F71E97CCD5A /* Pods-ACPMessaging.release.xcconfig */,
				BEABEC668C1738A6B1DEE6EA /* Pods-ACPMessaging-ACPMessagingTests.debug.xcconfig */,
				1B8E01BAD37CED4AA79EDBDE /* Pods-ACPMessaging-ACPMessagingTests.release.xcconfig */,
			);
			path = Pods;
			sourceTree = "<group>";
		};
/* End PBXGroup section */

/* Begin PBXHeadersBuildPhase section */
		246818D5247DCB7500E0127D /* Headers */ = {
			isa = PBXHeadersBuildPhase;
			buildActionMask = 2147483647;
			files = (
				246818EB247DCB7500E0127D /* ACPMessaging.h in Headers */,
			);
			runOnlyForDeploymentPostprocessing = 0;
		};
/* End PBXHeadersBuildPhase section */

/* Begin PBXNativeTarget section */
		246818D9247DCB7500E0127D /* ACPMessaging */ = {
			isa = PBXNativeTarget;
			buildConfigurationList = 246818EE247DCB7500E0127D /* Build configuration list for PBXNativeTarget "ACPMessaging" */;
			buildPhases = (
				1FBD190F0F45BBF63AD0B170 /* [CP] Check Pods Manifest.lock */,
				246818D5247DCB7500E0127D /* Headers */,
				246818D6247DCB7500E0127D /* Sources */,
				246818D7247DCB7500E0127D /* Frameworks */,
				246818D8247DCB7500E0127D /* Resources */,
			);
			buildRules = (
			);
			dependencies = (
			);
			name = ACPMessaging;
			productName = ACPMessaging;
			productReference = 246818DA247DCB7500E0127D /* ACPMessaging.framework */;
			productType = "com.apple.product-type.framework";
		};
		246818E2247DCB7500E0127D /* ACPMessagingTests */ = {
			isa = PBXNativeTarget;
			buildConfigurationList = 246818F1247DCB7500E0127D /* Build configuration list for PBXNativeTarget "ACPMessagingTests" */;
			buildPhases = (
				407969A084F36BDA9D06F80B /* [CP] Check Pods Manifest.lock */,
				246818DF247DCB7500E0127D /* Sources */,
				246818E0247DCB7500E0127D /* Frameworks */,
				246818E1247DCB7500E0127D /* Resources */,
			);
			buildRules = (
			);
			dependencies = (
				246818E6247DCB7500E0127D /* PBXTargetDependency */,
			);
			name = ACPMessagingTests;
			productName = ACPMessagingTests;
			productReference = 246818E3247DCB7500E0127D /* ACPMessagingTests.xctest */;
			productType = "com.apple.product-type.bundle.unit-test";
		};
/* End PBXNativeTarget section */

/* Begin PBXProject section */
		246818D1247DCB7500E0127D /* Project object */ = {
			isa = PBXProject;
			attributes = {
				LastSwiftUpdateCheck = 1150;
				LastUpgradeCheck = 1150;
				ORGANIZATIONNAME = adobe;
				TargetAttributes = {
					246818D9247DCB7500E0127D = {
						CreatedOnToolsVersion = 11.5;
						LastSwiftMigration = 1150;
					};
					246818E2247DCB7500E0127D = {
						CreatedOnToolsVersion = 11.5;
					};
				};
			};
			buildConfigurationList = 246818D4247DCB7500E0127D /* Build configuration list for PBXProject "ACPMessaging" */;
			compatibilityVersion = "Xcode 9.3";
			developmentRegion = en;
			hasScannedForEncodings = 0;
			knownRegions = (
				en,
				Base,
			);
			mainGroup = 246818D0247DCB7500E0127D;
			productRefGroup = 246818DB247DCB7500E0127D /* Products */;
			projectDirPath = "";
			projectRoot = "";
			targets = (
				246818D9247DCB7500E0127D /* ACPMessaging */,
				246818E2247DCB7500E0127D /* ACPMessagingTests */,
			);
		};
/* End PBXProject section */

/* Begin PBXResourcesBuildPhase section */
		246818D8247DCB7500E0127D /* Resources */ = {
			isa = PBXResourcesBuildPhase;
			buildActionMask = 2147483647;
			files = (
			);
			runOnlyForDeploymentPostprocessing = 0;
		};
		246818E1247DCB7500E0127D /* Resources */ = {
			isa = PBXResourcesBuildPhase;
			buildActionMask = 2147483647;
			files = (
			);
			runOnlyForDeploymentPostprocessing = 0;
		};
/* End PBXResourcesBuildPhase section */

/* Begin PBXShellScriptBuildPhase section */
		1FBD190F0F45BBF63AD0B170 /* [CP] Check Pods Manifest.lock */ = {
			isa = PBXShellScriptBuildPhase;
			buildActionMask = 2147483647;
			files = (
			);
			inputFileListPaths = (
			);
			inputPaths = (
				"${PODS_PODFILE_DIR_PATH}/Podfile.lock",
				"${PODS_ROOT}/Manifest.lock",
			);
			name = "[CP] Check Pods Manifest.lock";
			outputFileListPaths = (
			);
			outputPaths = (
				"$(DERIVED_FILE_DIR)/Pods-ACPMessaging-checkManifestLockResult.txt",
			);
			runOnlyForDeploymentPostprocessing = 0;
			shellPath = /bin/sh;
			shellScript = "diff \"${PODS_PODFILE_DIR_PATH}/Podfile.lock\" \"${PODS_ROOT}/Manifest.lock\" > /dev/null\nif [ $? != 0 ] ; then\n    # print error to STDERR\n    echo \"error: The sandbox is not in sync with the Podfile.lock. Run 'pod install' or update your CocoaPods installation.\" >&2\n    exit 1\nfi\n# This output is used by Xcode 'outputs' to avoid re-running this script phase.\necho \"SUCCESS\" > \"${SCRIPT_OUTPUT_FILE_0}\"\n";
			showEnvVarsInLog = 0;
		};
		407969A084F36BDA9D06F80B /* [CP] Check Pods Manifest.lock */ = {
			isa = PBXShellScriptBuildPhase;
			buildActionMask = 2147483647;
			files = (
			);
			inputFileListPaths = (
			);
			inputPaths = (
				"${PODS_PODFILE_DIR_PATH}/Podfile.lock",
				"${PODS_ROOT}/Manifest.lock",
			);
			name = "[CP] Check Pods Manifest.lock";
			outputFileListPaths = (
			);
			outputPaths = (
				"$(DERIVED_FILE_DIR)/Pods-ACPMessaging-ACPMessagingTests-checkManifestLockResult.txt",
			);
			runOnlyForDeploymentPostprocessing = 0;
			shellPath = /bin/sh;
			shellScript = "diff \"${PODS_PODFILE_DIR_PATH}/Podfile.lock\" \"${PODS_ROOT}/Manifest.lock\" > /dev/null\nif [ $? != 0 ] ; then\n    # print error to STDERR\n    echo \"error: The sandbox is not in sync with the Podfile.lock. Run 'pod install' or update your CocoaPods installation.\" >&2\n    exit 1\nfi\n# This output is used by Xcode 'outputs' to avoid re-running this script phase.\necho \"SUCCESS\" > \"${SCRIPT_OUTPUT_FILE_0}\"\n";
			showEnvVarsInLog = 0;
		};
/* End PBXShellScriptBuildPhase section */

/* Begin PBXSourcesBuildPhase section */
		246818D6247DCB7500E0127D /* Sources */ = {
			isa = PBXSourcesBuildPhase;
			buildActionMask = 2147483647;
			files = (
				246819052486CA9800E0127D /* OperationQueue.swift in Sources */,
				2468191824885BDB00E0127D /* KeyValueStore.swift in Sources */,
				246818F92485C20B00E0127D /* MessagingRequestListener.swift in Sources */,
				2468191524885BDB00E0127D /* HttpMethod.swift in Sources */,
				246819062486CA9800E0127D /* ThreadSafeDictionary.swift in Sources */,
				2468191724885BDB00E0127D /* NetworkRequest.swift in Sources */,
				2468191324885BDB00E0127D /* AEPNetworkService.swift in Sources */,
				246818FB2485C21600E0127D /* MessagingResponseListener.swift in Sources */,
				246818F5247DCBFE00E0127D /* Messaging.swift in Sources */,
				246818F72485C12600E0127D /* MessagingInternal.swift in Sources */,
				246818FD2485C23900E0127D /* MessagingConstants.swift in Sources */,
				2468191224885BDB00E0127D /* AEPServiceProvider.swift in Sources */,
				2468191124885BDB00E0127D /* NamedUserDefaultsStore.swift in Sources */,
				2468191424885BDB00E0127D /* NetworkService.swift in Sources */,
				246819042486CA9800E0127D /* AnyCodable.swift in Sources */,
				2468191624885BDB00E0127D /* HttpConnection.swift in Sources */,
			);
			runOnlyForDeploymentPostprocessing = 0;
		};
		246818DF247DCB7500E0127D /* Sources */ = {
			isa = PBXSourcesBuildPhase;
			buildActionMask = 2147483647;
			files = (
				246818E9247DCB7500E0127D /* ACPMessagingTests.swift in Sources */,
			);
			runOnlyForDeploymentPostprocessing = 0;
		};
/* End PBXSourcesBuildPhase section */

/* Begin PBXTargetDependency section */
		246818E6247DCB7500E0127D /* PBXTargetDependency */ = {
			isa = PBXTargetDependency;
			target = 246818D9247DCB7500E0127D /* ACPMessaging */;
			targetProxy = 246818E5247DCB7500E0127D /* PBXContainerItemProxy */;
		};
/* End PBXTargetDependency section */

/* Begin XCBuildConfiguration section */
		246818EC247DCB7500E0127D /* Debug */ = {
			isa = XCBuildConfiguration;
			buildSettings = {
				ALWAYS_SEARCH_USER_PATHS = NO;
				CLANG_ANALYZER_NONNULL = YES;
				CLANG_ANALYZER_NUMBER_OBJECT_CONVERSION = YES_AGGRESSIVE;
				CLANG_CXX_LANGUAGE_STANDARD = "gnu++14";
				CLANG_CXX_LIBRARY = "libc++";
				CLANG_ENABLE_MODULES = YES;
				CLANG_ENABLE_OBJC_ARC = YES;
				CLANG_ENABLE_OBJC_WEAK = YES;
				CLANG_WARN_BLOCK_CAPTURE_AUTORELEASING = YES;
				CLANG_WARN_BOOL_CONVERSION = YES;
				CLANG_WARN_COMMA = YES;
				CLANG_WARN_CONSTANT_CONVERSION = YES;
				CLANG_WARN_DEPRECATED_OBJC_IMPLEMENTATIONS = YES;
				CLANG_WARN_DIRECT_OBJC_ISA_USAGE = YES_ERROR;
				CLANG_WARN_DOCUMENTATION_COMMENTS = YES;
				CLANG_WARN_EMPTY_BODY = YES;
				CLANG_WARN_ENUM_CONVERSION = YES;
				CLANG_WARN_INFINITE_RECURSION = YES;
				CLANG_WARN_INT_CONVERSION = YES;
				CLANG_WARN_NON_LITERAL_NULL_CONVERSION = YES;
				CLANG_WARN_OBJC_IMPLICIT_RETAIN_SELF = YES;
				CLANG_WARN_OBJC_LITERAL_CONVERSION = YES;
				CLANG_WARN_OBJC_ROOT_CLASS = YES_ERROR;
				CLANG_WARN_RANGE_LOOP_ANALYSIS = YES;
				CLANG_WARN_STRICT_PROTOTYPES = YES;
				CLANG_WARN_SUSPICIOUS_MOVE = YES;
				CLANG_WARN_UNGUARDED_AVAILABILITY = YES_AGGRESSIVE;
				CLANG_WARN_UNREACHABLE_CODE = YES;
				CLANG_WARN__DUPLICATE_METHOD_MATCH = YES;
				COPY_PHASE_STRIP = NO;
				CURRENT_PROJECT_VERSION = 1;
				DEBUG_INFORMATION_FORMAT = dwarf;
				ENABLE_STRICT_OBJC_MSGSEND = YES;
				ENABLE_TESTABILITY = YES;
				GCC_C_LANGUAGE_STANDARD = gnu11;
				GCC_DYNAMIC_NO_PIC = NO;
				GCC_NO_COMMON_BLOCKS = YES;
				GCC_OPTIMIZATION_LEVEL = 0;
				GCC_PREPROCESSOR_DEFINITIONS = (
					"DEBUG=1",
					"$(inherited)",
				);
				GCC_WARN_64_TO_32_BIT_CONVERSION = YES;
				GCC_WARN_ABOUT_RETURN_TYPE = YES_ERROR;
				GCC_WARN_UNDECLARED_SELECTOR = YES;
				GCC_WARN_UNINITIALIZED_AUTOS = YES_AGGRESSIVE;
				GCC_WARN_UNUSED_FUNCTION = YES;
				GCC_WARN_UNUSED_VARIABLE = YES;
				IPHONEOS_DEPLOYMENT_TARGET = 13.5;
				MTL_ENABLE_DEBUG_INFO = INCLUDE_SOURCE;
				MTL_FAST_MATH = YES;
				ONLY_ACTIVE_ARCH = YES;
				SDKROOT = iphoneos;
				SWIFT_ACTIVE_COMPILATION_CONDITIONS = DEBUG;
				SWIFT_OPTIMIZATION_LEVEL = "-Onone";
				VERSIONING_SYSTEM = "apple-generic";
				VERSION_INFO_PREFIX = "";
			};
			name = Debug;
		};
		246818ED247DCB7500E0127D /* Release */ = {
			isa = XCBuildConfiguration;
			buildSettings = {
				ALWAYS_SEARCH_USER_PATHS = NO;
				CLANG_ANALYZER_NONNULL = YES;
				CLANG_ANALYZER_NUMBER_OBJECT_CONVERSION = YES_AGGRESSIVE;
				CLANG_CXX_LANGUAGE_STANDARD = "gnu++14";
				CLANG_CXX_LIBRARY = "libc++";
				CLANG_ENABLE_MODULES = YES;
				CLANG_ENABLE_OBJC_ARC = YES;
				CLANG_ENABLE_OBJC_WEAK = YES;
				CLANG_WARN_BLOCK_CAPTURE_AUTORELEASING = YES;
				CLANG_WARN_BOOL_CONVERSION = YES;
				CLANG_WARN_COMMA = YES;
				CLANG_WARN_CONSTANT_CONVERSION = YES;
				CLANG_WARN_DEPRECATED_OBJC_IMPLEMENTATIONS = YES;
				CLANG_WARN_DIRECT_OBJC_ISA_USAGE = YES_ERROR;
				CLANG_WARN_DOCUMENTATION_COMMENTS = YES;
				CLANG_WARN_EMPTY_BODY = YES;
				CLANG_WARN_ENUM_CONVERSION = YES;
				CLANG_WARN_INFINITE_RECURSION = YES;
				CLANG_WARN_INT_CONVERSION = YES;
				CLANG_WARN_NON_LITERAL_NULL_CONVERSION = YES;
				CLANG_WARN_OBJC_IMPLICIT_RETAIN_SELF = YES;
				CLANG_WARN_OBJC_LITERAL_CONVERSION = YES;
				CLANG_WARN_OBJC_ROOT_CLASS = YES_ERROR;
				CLANG_WARN_RANGE_LOOP_ANALYSIS = YES;
				CLANG_WARN_STRICT_PROTOTYPES = YES;
				CLANG_WARN_SUSPICIOUS_MOVE = YES;
				CLANG_WARN_UNGUARDED_AVAILABILITY = YES_AGGRESSIVE;
				CLANG_WARN_UNREACHABLE_CODE = YES;
				CLANG_WARN__DUPLICATE_METHOD_MATCH = YES;
				COPY_PHASE_STRIP = NO;
				CURRENT_PROJECT_VERSION = 1;
				DEBUG_INFORMATION_FORMAT = "dwarf-with-dsym";
				ENABLE_NS_ASSERTIONS = NO;
				ENABLE_STRICT_OBJC_MSGSEND = YES;
				GCC_C_LANGUAGE_STANDARD = gnu11;
				GCC_NO_COMMON_BLOCKS = YES;
				GCC_WARN_64_TO_32_BIT_CONVERSION = YES;
				GCC_WARN_ABOUT_RETURN_TYPE = YES_ERROR;
				GCC_WARN_UNDECLARED_SELECTOR = YES;
				GCC_WARN_UNINITIALIZED_AUTOS = YES_AGGRESSIVE;
				GCC_WARN_UNUSED_FUNCTION = YES;
				GCC_WARN_UNUSED_VARIABLE = YES;
				IPHONEOS_DEPLOYMENT_TARGET = 13.5;
				MTL_ENABLE_DEBUG_INFO = NO;
				MTL_FAST_MATH = YES;
				SDKROOT = iphoneos;
				SWIFT_COMPILATION_MODE = wholemodule;
				SWIFT_OPTIMIZATION_LEVEL = "-O";
				VALIDATE_PRODUCT = YES;
				VERSIONING_SYSTEM = "apple-generic";
				VERSION_INFO_PREFIX = "";
			};
			name = Release;
		};
		246818EF247DCB7500E0127D /* Debug */ = {
			isa = XCBuildConfiguration;
			baseConfigurationReference = 47E532287A4DAFF0F17146BA /* Pods-ACPMessaging.debug.xcconfig */;
			buildSettings = {
				CLANG_ENABLE_MODULES = YES;
				CODE_SIGN_STYLE = Automatic;
				DEFINES_MODULE = YES;
				DYLIB_COMPATIBILITY_VERSION = 1;
				DYLIB_CURRENT_VERSION = 1;
				DYLIB_INSTALL_NAME_BASE = "@rpath";
				INFOPLIST_FILE = ACPMessaging/Info.plist;
				INSTALL_PATH = "$(LOCAL_LIBRARY_DIR)/Frameworks";
				LD_RUNPATH_SEARCH_PATHS = (
					"$(inherited)",
					"@executable_path/Frameworks",
					"@loader_path/Frameworks",
				);
				PRODUCT_BUNDLE_IDENTIFIER = com.adobe.ACPMessaging;
				PRODUCT_NAME = "$(TARGET_NAME:c99extidentifier)";
				SKIP_INSTALL = YES;
				SWIFT_OPTIMIZATION_LEVEL = "-Onone";
				SWIFT_VERSION = 5.0;
				TARGETED_DEVICE_FAMILY = "1,2";
			};
			name = Debug;
		};
		246818F0247DCB7500E0127D /* Release */ = {
			isa = XCBuildConfiguration;
			baseConfigurationReference = B7AA4C036FC09F71E97CCD5A /* Pods-ACPMessaging.release.xcconfig */;
			buildSettings = {
				CLANG_ENABLE_MODULES = YES;
				CODE_SIGN_STYLE = Automatic;
				DEFINES_MODULE = YES;
				DYLIB_COMPATIBILITY_VERSION = 1;
				DYLIB_CURRENT_VERSION = 1;
				DYLIB_INSTALL_NAME_BASE = "@rpath";
				INFOPLIST_FILE = ACPMessaging/Info.plist;
				INSTALL_PATH = "$(LOCAL_LIBRARY_DIR)/Frameworks";
				LD_RUNPATH_SEARCH_PATHS = (
					"$(inherited)",
					"@executable_path/Frameworks",
					"@loader_path/Frameworks",
				);
				PRODUCT_BUNDLE_IDENTIFIER = com.adobe.ACPMessaging;
				PRODUCT_NAME = "$(TARGET_NAME:c99extidentifier)";
				SKIP_INSTALL = YES;
				SWIFT_VERSION = 5.0;
				TARGETED_DEVICE_FAMILY = "1,2";
			};
			name = Release;
		};
		246818F2247DCB7500E0127D /* Debug */ = {
			isa = XCBuildConfiguration;
			baseConfigurationReference = BEABEC668C1738A6B1DEE6EA /* Pods-ACPMessaging-ACPMessagingTests.debug.xcconfig */;
			buildSettings = {
				ALWAYS_EMBED_SWIFT_STANDARD_LIBRARIES = YES;
				CODE_SIGN_STYLE = Automatic;
				INFOPLIST_FILE = ACPMessagingTests/Info.plist;
				LD_RUNPATH_SEARCH_PATHS = (
					"$(inherited)",
					"@executable_path/Frameworks",
					"@loader_path/Frameworks",
				);
				PRODUCT_BUNDLE_IDENTIFIER = com.adobe.ACPMessagingTests;
				PRODUCT_NAME = "$(TARGET_NAME)";
				SWIFT_VERSION = 5.0;
				TARGETED_DEVICE_FAMILY = "1,2";
			};
			name = Debug;
		};
		246818F3247DCB7500E0127D /* Release */ = {
			isa = XCBuildConfiguration;
			baseConfigurationReference = 1B8E01BAD37CED4AA79EDBDE /* Pods-ACPMessaging-ACPMessagingTests.release.xcconfig */;
			buildSettings = {
				ALWAYS_EMBED_SWIFT_STANDARD_LIBRARIES = YES;
				CODE_SIGN_STYLE = Automatic;
				INFOPLIST_FILE = ACPMessagingTests/Info.plist;
				LD_RUNPATH_SEARCH_PATHS = (
					"$(inherited)",
					"@executable_path/Frameworks",
					"@loader_path/Frameworks",
				);
				PRODUCT_BUNDLE_IDENTIFIER = com.adobe.ACPMessagingTests;
				PRODUCT_NAME = "$(TARGET_NAME)";
				SWIFT_VERSION = 5.0;
				TARGETED_DEVICE_FAMILY = "1,2";
			};
			name = Release;
		};
/* End XCBuildConfiguration section */

/* Begin XCConfigurationList section */
		246818D4247DCB7500E0127D /* Build configuration list for PBXProject "ACPMessaging" */ = {
			isa = XCConfigurationList;
			buildConfigurations = (
				246818EC247DCB7500E0127D /* Debug */,
				246818ED247DCB7500E0127D /* Release */,
			);
			defaultConfigurationIsVisible = 0;
			defaultConfigurationName = Release;
		};
		246818EE247DCB7500E0127D /* Build configuration list for PBXNativeTarget "ACPMessaging" */ = {
			isa = XCConfigurationList;
			buildConfigurations = (
				246818EF247DCB7500E0127D /* Debug */,
				246818F0247DCB7500E0127D /* Release */,
			);
			defaultConfigurationIsVisible = 0;
			defaultConfigurationName = Release;
		};
		246818F1247DCB7500E0127D /* Build configuration list for PBXNativeTarget "ACPMessagingTests" */ = {
			isa = XCConfigurationList;
			buildConfigurations = (
				246818F2247DCB7500E0127D /* Debug */,
				246818F3247DCB7500E0127D /* Release */,
			);
			defaultConfigurationIsVisible = 0;
			defaultConfigurationName = Release;
		};
/* End XCConfigurationList section */
	};
	rootObject = 246818D1247DCB7500E0127D /* Project object */;
}
