// !$*UTF8*$!
{
	archiveVersion = 1;
	classes = {
	};
	objectVersion = 56;
	objects = {

/* Begin PBXBuildFile section */
		09F46D67290076FD001F668B /* AppDelegate.swift in Sources */ = {isa = PBXBuildFile; fileRef = 09F46D66290076FD001F668B /* AppDelegate.swift */; };
		09F46D6B290076FE001F668B /* Assets.xcassets in Resources */ = {isa = PBXBuildFile; fileRef = 09F46D6A290076FE001F668B /* Assets.xcassets */; };
		09F46D6E290076FE001F668B /* Preview Assets.xcassets in Resources */ = {isa = PBXBuildFile; fileRef = 09F46D6D290076FE001F668B /* Preview Assets.xcassets */; };
		09F46D7F29007938001F668B /* DictionaryRowView.swift in Sources */ = {isa = PBXBuildFile; fileRef = 09F46D7429007938001F668B /* DictionaryRowView.swift */; };
		09F46D8129007938001F668B /* SettingsView.swift in Sources */ = {isa = PBXBuildFile; fileRef = 09F46D7629007938001F668B /* SettingsView.swift */; };
		09F46D8229007938001F668B /* OffersView.swift in Sources */ = {isa = PBXBuildFile; fileRef = 09F46D7729007938001F668B /* OffersView.swift */; };
		09F46D8329007938001F668B /* CustomButtonView.swift in Sources */ = {isa = PBXBuildFile; fileRef = 09F46D7829007938001F668B /* CustomButtonView.swift */; };
		09F46D8429007938001F668B /* TargetOrder.swift in Sources */ = {isa = PBXBuildFile; fileRef = 09F46D7929007938001F668B /* TargetOrder.swift */; };
		09F46D8529007938001F668B /* HeaderView.swift in Sources */ = {isa = PBXBuildFile; fileRef = 09F46D7A29007938001F668B /* HeaderView.swift */; };
		09F46D8629007938001F668B /* HtmlOfferView.swift in Sources */ = {isa = PBXBuildFile; fileRef = 09F46D7B29007938001F668B /* HtmlOfferView.swift */; };
		09F46D8729007938001F668B /* TargetProduct.swift in Sources */ = {isa = PBXBuildFile; fileRef = 09F46D7C29007938001F668B /* TargetProduct.swift */; };
		09F46D8829007938001F668B /* HomeView.swift in Sources */ = {isa = PBXBuildFile; fileRef = 09F46D7D29007938001F668B /* HomeView.swift */; };
		09F46D8929007938001F668B /* TextOfferView.swift in Sources */ = {isa = PBXBuildFile; fileRef = 09F46D7E29007938001F668B /* TextOfferView.swift */; };
		E6CD38B870AEA8F43545B9CE /* Pods_OptimizeTutorialStarterApp.framework in Frameworks */ = {isa = PBXBuildFile; fileRef = 945617173D7485F3705CD65F /* Pods_OptimizeTutorialStarterApp.framework */; };
/* End PBXBuildFile section */

/* Begin PBXFileReference section */
		09F46D63290076FD001F668B /* OptimizeTutorialStarterApp.app */ = {isa = PBXFileReference; explicitFileType = wrapper.application; includeInIndex = 0; path = OptimizeTutorialStarterApp.app; sourceTree = BUILT_PRODUCTS_DIR; };
		09F46D66290076FD001F668B /* AppDelegate.swift */ = {isa = PBXFileReference; lastKnownFileType = sourcecode.swift; path = AppDelegate.swift; sourceTree = "<group>"; };
		09F46D6A290076FE001F668B /* Assets.xcassets */ = {isa = PBXFileReference; lastKnownFileType = folder.assetcatalog; path = Assets.xcassets; sourceTree = "<group>"; };
		09F46D6D290076FE001F668B /* Preview Assets.xcassets */ = {isa = PBXFileReference; lastKnownFileType = folder.assetcatalog; path = "Preview Assets.xcassets"; sourceTree = "<group>"; };
		09F46D7429007938001F668B /* DictionaryRowView.swift */ = {isa = PBXFileReference; fileEncoding = 4; lastKnownFileType = sourcecode.swift; path = DictionaryRowView.swift; sourceTree = "<group>"; };
		09F46D7629007938001F668B /* SettingsView.swift */ = {isa = PBXFileReference; fileEncoding = 4; lastKnownFileType = sourcecode.swift; path = SettingsView.swift; sourceTree = "<group>"; };
		09F46D7729007938001F668B /* OffersView.swift */ = {isa = PBXFileReference; fileEncoding = 4; lastKnownFileType = sourcecode.swift; path = OffersView.swift; sourceTree = "<group>"; };
		09F46D7829007938001F668B /* CustomButtonView.swift */ = {isa = PBXFileReference; fileEncoding = 4; lastKnownFileType = sourcecode.swift; path = CustomButtonView.swift; sourceTree = "<group>"; };
		09F46D7929007938001F668B /* TargetOrder.swift */ = {isa = PBXFileReference; fileEncoding = 4; lastKnownFileType = sourcecode.swift; path = TargetOrder.swift; sourceTree = "<group>"; };
		09F46D7A29007938001F668B /* HeaderView.swift */ = {isa = PBXFileReference; fileEncoding = 4; lastKnownFileType = sourcecode.swift; path = HeaderView.swift; sourceTree = "<group>"; };
		09F46D7B29007938001F668B /* HtmlOfferView.swift */ = {isa = PBXFileReference; fileEncoding = 4; lastKnownFileType = sourcecode.swift; path = HtmlOfferView.swift; sourceTree = "<group>"; };
		09F46D7C29007938001F668B /* TargetProduct.swift */ = {isa = PBXFileReference; fileEncoding = 4; lastKnownFileType = sourcecode.swift; path = TargetProduct.swift; sourceTree = "<group>"; };
		09F46D7D29007938001F668B /* HomeView.swift */ = {isa = PBXFileReference; fileEncoding = 4; lastKnownFileType = sourcecode.swift; path = HomeView.swift; sourceTree = "<group>"; };
		09F46D7E29007938001F668B /* TextOfferView.swift */ = {isa = PBXFileReference; fileEncoding = 4; lastKnownFileType = sourcecode.swift; path = TextOfferView.swift; sourceTree = "<group>"; };
		09F46DBA2901BB2D001F668B /* Info.plist */ = {isa = PBXFileReference; lastKnownFileType = text.plist; path = Info.plist; sourceTree = "<group>"; };
		3D30D781756B8C09A9D75112 /* Pods-OptimizeTutorialStarterApp.debug.xcconfig */ = {isa = PBXFileReference; includeInIndex = 1; lastKnownFileType = text.xcconfig; name = "Pods-OptimizeTutorialStarterApp.debug.xcconfig"; path = "Target Support Files/Pods-OptimizeTutorialStarterApp/Pods-OptimizeTutorialStarterApp.debug.xcconfig"; sourceTree = "<group>"; };
		7D3F8F13B99187213C516620 /* Pods-OptimizeTutorialStarterApp.release.xcconfig */ = {isa = PBXFileReference; includeInIndex = 1; lastKnownFileType = text.xcconfig; name = "Pods-OptimizeTutorialStarterApp.release.xcconfig"; path = "Target Support Files/Pods-OptimizeTutorialStarterApp/Pods-OptimizeTutorialStarterApp.release.xcconfig"; sourceTree = "<group>"; };
		945617173D7485F3705CD65F /* Pods_OptimizeTutorialStarterApp.framework */ = {isa = PBXFileReference; explicitFileType = wrapper.framework; includeInIndex = 0; path = Pods_OptimizeTutorialStarterApp.framework; sourceTree = BUILT_PRODUCTS_DIR; };
		B597CAC663537D7D60618DD3 /* Pods-OptimizeDemoAppStarter.release.xcconfig */ = {isa = PBXFileReference; includeInIndex = 1; lastKnownFileType = text.xcconfig; name = "Pods-OptimizeDemoAppStarter.release.xcconfig"; path = "Target Support Files/Pods-OptimizeDemoAppStarter/Pods-OptimizeDemoAppStarter.release.xcconfig"; sourceTree = "<group>"; };
		C8BD0189C1C26DA7FD2E1CA3 /* Pods-OptimizeDemoAppStarter.debug.xcconfig */ = {isa = PBXFileReference; includeInIndex = 1; lastKnownFileType = text.xcconfig; name = "Pods-OptimizeDemoAppStarter.debug.xcconfig"; path = "Target Support Files/Pods-OptimizeDemoAppStarter/Pods-OptimizeDemoAppStarter.debug.xcconfig"; sourceTree = "<group>"; };
/* End PBXFileReference section */

/* Begin PBXFrameworksBuildPhase section */
		09F46D60290076FD001F668B /* Frameworks */ = {
			isa = PBXFrameworksBuildPhase;
			buildActionMask = 2147483647;
			files = (
				E6CD38B870AEA8F43545B9CE /* Pods_OptimizeTutorialStarterApp.framework in Frameworks */,
			);
			runOnlyForDeploymentPostprocessing = 0;
		};
/* End PBXFrameworksBuildPhase section */

/* Begin PBXGroup section */
		09F46D5A290076FD001F668B = {
			isa = PBXGroup;
			children = (
				09F46D65290076FD001F668B /* OptimizeTutorialStarterApp */,
				09F46D64290076FD001F668B /* Products */,
				978B807A0B70C564374FA66E /* Pods */,
				21294C9EE2AE10162A02D7E3 /* Frameworks */,
			);
			sourceTree = "<group>";
		};
		09F46D64290076FD001F668B /* Products */ = {
			isa = PBXGroup;
			children = (
				09F46D63290076FD001F668B /* OptimizeTutorialStarterApp.app */,
			);
			name = Products;
			sourceTree = "<group>";
		};
		09F46D65290076FD001F668B /* OptimizeTutorialStarterApp */ = {
			isa = PBXGroup;
			children = (
				09F46DBA2901BB2D001F668B /* Info.plist */,
				09F46D7829007938001F668B /* CustomButtonView.swift */,
				09F46D7429007938001F668B /* DictionaryRowView.swift */,
				09F46D7A29007938001F668B /* HeaderView.swift */,
				09F46D7D29007938001F668B /* HomeView.swift */,
				09F46D7B29007938001F668B /* HtmlOfferView.swift */,
				09F46D7729007938001F668B /* OffersView.swift */,
				09F46D7629007938001F668B /* SettingsView.swift */,
				09F46D7929007938001F668B /* TargetOrder.swift */,
				09F46D7C29007938001F668B /* TargetProduct.swift */,
				09F46D7E29007938001F668B /* TextOfferView.swift */,
				09F46D66290076FD001F668B /* AppDelegate.swift */,
				09F46D6A290076FE001F668B /* Assets.xcassets */,
				09F46D6C290076FE001F668B /* Preview Content */,
			);
			path = OptimizeTutorialStarterApp;
			sourceTree = "<group>";
		};
		09F46D6C290076FE001F668B /* Preview Content */ = {
			isa = PBXGroup;
			children = (
				09F46D6D290076FE001F668B /* Preview Assets.xcassets */,
			);
			path = "Preview Content";
			sourceTree = "<group>";
		};
		21294C9EE2AE10162A02D7E3 /* Frameworks */ = {
			isa = PBXGroup;
			children = (
				945617173D7485F3705CD65F /* Pods_OptimizeTutorialStarterApp.framework */,
			);
			name = Frameworks;
			sourceTree = "<group>";
		};
		978B807A0B70C564374FA66E /* Pods */ = {
			isa = PBXGroup;
			children = (
				C8BD0189C1C26DA7FD2E1CA3 /* Pods-OptimizeDemoAppStarter.debug.xcconfig */,
				B597CAC663537D7D60618DD3 /* Pods-OptimizeDemoAppStarter.release.xcconfig */,
				3D30D781756B8C09A9D75112 /* Pods-OptimizeTutorialStarterApp.debug.xcconfig */,
				7D3F8F13B99187213C516620 /* Pods-OptimizeTutorialStarterApp.release.xcconfig */,
			);
			path = Pods;
			sourceTree = "<group>";
		};
/* End PBXGroup section */

/* Begin PBXNativeTarget section */
		09F46D62290076FD001F668B /* OptimizeTutorialStarterApp */ = {
			isa = PBXNativeTarget;
			buildConfigurationList = 09F46D71290076FE001F668B /* Build configuration list for PBXNativeTarget "OptimizeTutorialStarterApp" */;
			buildPhases = (
				1820CD4C0C43986E7544D579 /* [CP] Check Pods Manifest.lock */,
				09F46D5F290076FD001F668B /* Sources */,
				09F46D60290076FD001F668B /* Frameworks */,
				09F46D61290076FD001F668B /* Resources */,
				73ED9AB4360E14434D9403A3 /* [CP] Embed Pods Frameworks */,
			);
			buildRules = (
			);
			dependencies = (
			);
			name = OptimizeTutorialStarterApp;
			productName = OptimizeDemoAppStarter;
			productReference = 09F46D63290076FD001F668B /* OptimizeTutorialStarterApp.app */;
			productType = "com.apple.product-type.application";
		};
/* End PBXNativeTarget section */

/* Begin PBXProject section */
		09F46D5B290076FD001F668B /* Project object */ = {
			isa = PBXProject;
			attributes = {
				BuildIndependentTargetsInParallel = 1;
				LastSwiftUpdateCheck = 1400;
				LastUpgradeCheck = 1400;
				TargetAttributes = {
					09F46D62290076FD001F668B = {
						CreatedOnToolsVersion = 14.0;
					};
				};
			};
			buildConfigurationList = 09F46D5E290076FD001F668B /* Build configuration list for PBXProject "OptimizeTutorialStarterApp" */;
			compatibilityVersion = "Xcode 14.0";
			developmentRegion = en;
			hasScannedForEncodings = 0;
			knownRegions = (
				en,
				Base,
			);
			mainGroup = 09F46D5A290076FD001F668B;
			productRefGroup = 09F46D64290076FD001F668B /* Products */;
			projectDirPath = "";
			projectRoot = "";
			targets = (
				09F46D62290076FD001F668B /* OptimizeTutorialStarterApp */,
			);
		};
/* End PBXProject section */

/* Begin PBXResourcesBuildPhase section */
		09F46D61290076FD001F668B /* Resources */ = {
			isa = PBXResourcesBuildPhase;
			buildActionMask = 2147483647;
			files = (
				09F46D6E290076FE001F668B /* Preview Assets.xcassets in Resources */,
				09F46D6B290076FE001F668B /* Assets.xcassets in Resources */,
			);
			runOnlyForDeploymentPostprocessing = 0;
		};
/* End PBXResourcesBuildPhase section */

/* Begin PBXShellScriptBuildPhase section */
		1820CD4C0C43986E7544D579 /* [CP] Check Pods Manifest.lock */ = {
			isa = PBXShellScriptBuildPhase;
			buildActionMask = 2147483647;
			files = (
			);
			inputFileListPaths = (
			);
			inputPaths = (
				"${PODS_PODFILE_DIR_PATH}/Podfile.lock",
				"${PODS_ROOT}/Manifest.lock",
			);
			name = "[CP] Check Pods Manifest.lock";
			outputFileListPaths = (
			);
			outputPaths = (
				"$(DERIVED_FILE_DIR)/Pods-OptimizeTutorialStarterApp-checkManifestLockResult.txt",
			);
			runOnlyForDeploymentPostprocessing = 0;
			shellPath = /bin/sh;
			shellScript = "diff \"${PODS_PODFILE_DIR_PATH}/Podfile.lock\" \"${PODS_ROOT}/Manifest.lock\" > /dev/null\nif [ $? != 0 ] ; then\n    # print error to STDERR\n    echo \"error: The sandbox is not in sync with the Podfile.lock. Run 'pod install' or update your CocoaPods installation.\" >&2\n    exit 1\nfi\n# This output is used by Xcode 'outputs' to avoid re-running this script phase.\necho \"SUCCESS\" > \"${SCRIPT_OUTPUT_FILE_0}\"\n";
			showEnvVarsInLog = 0;
		};
		73ED9AB4360E14434D9403A3 /* [CP] Embed Pods Frameworks */ = {
			isa = PBXShellScriptBuildPhase;
			buildActionMask = 2147483647;
			files = (
			);
			inputFileListPaths = (
				"${PODS_ROOT}/Target Support Files/Pods-OptimizeTutorialStarterApp/Pods-OptimizeTutorialStarterApp-frameworks-${CONFIGURATION}-input-files.xcfilelist",
			);
			name = "[CP] Embed Pods Frameworks";
			outputFileListPaths = (
				"${PODS_ROOT}/Target Support Files/Pods-OptimizeTutorialStarterApp/Pods-OptimizeTutorialStarterApp-frameworks-${CONFIGURATION}-output-files.xcfilelist",
			);
			runOnlyForDeploymentPostprocessing = 0;
			shellPath = /bin/sh;
			shellScript = "\"${PODS_ROOT}/Target Support Files/Pods-OptimizeTutorialStarterApp/Pods-OptimizeTutorialStarterApp-frameworks.sh\"\n";
			showEnvVarsInLog = 0;
		};
/* End PBXShellScriptBuildPhase section */

/* Begin PBXSourcesBuildPhase section */
		09F46D5F290076FD001F668B /* Sources */ = {
			isa = PBXSourcesBuildPhase;
			buildActionMask = 2147483647;
			files = (
				09F46D8329007938001F668B /* CustomButtonView.swift in Sources */,
				09F46D8529007938001F668B /* HeaderView.swift in Sources */,
				09F46D8129007938001F668B /* SettingsView.swift in Sources */,
				09F46D67290076FD001F668B /* AppDelegate.swift in Sources */,
				09F46D8229007938001F668B /* OffersView.swift in Sources */,
				09F46D7F29007938001F668B /* DictionaryRowView.swift in Sources */,
				09F46D8729007938001F668B /* TargetProduct.swift in Sources */,
				09F46D8829007938001F668B /* HomeView.swift in Sources */,
				09F46D8629007938001F668B /* HtmlOfferView.swift in Sources */,
				09F46D8929007938001F668B /* TextOfferView.swift in Sources */,
				09F46D8429007938001F668B /* TargetOrder.swift in Sources */,
			);
			runOnlyForDeploymentPostprocessing = 0;
		};
/* End PBXSourcesBuildPhase section */

/* Begin XCBuildConfiguration section */
		09F46D6F290076FE001F668B /* Debug */ = {
			isa = XCBuildConfiguration;
			buildSettings = {
				ALWAYS_SEARCH_USER_PATHS = NO;
				CLANG_ANALYZER_NONNULL = YES;
				CLANG_ANALYZER_NUMBER_OBJECT_CONVERSION = YES_AGGRESSIVE;
				CLANG_CXX_LANGUAGE_STANDARD = "gnu++20";
				CLANG_ENABLE_MODULES = YES;
				CLANG_ENABLE_OBJC_ARC = YES;
				CLANG_ENABLE_OBJC_WEAK = YES;
				CLANG_WARN_BLOCK_CAPTURE_AUTORELEASING = YES;
				CLANG_WARN_BOOL_CONVERSION = YES;
				CLANG_WARN_COMMA = YES;
				CLANG_WARN_CONSTANT_CONVERSION = YES;
				CLANG_WARN_DEPRECATED_OBJC_IMPLEMENTATIONS = YES;
				CLANG_WARN_DIRECT_OBJC_ISA_USAGE = YES_ERROR;
				CLANG_WARN_DOCUMENTATION_COMMENTS = YES;
				CLANG_WARN_EMPTY_BODY = YES;
				CLANG_WARN_ENUM_CONVERSION = YES;
				CLANG_WARN_INFINITE_RECURSION = YES;
				CLANG_WARN_INT_CONVERSION = YES;
				CLANG_WARN_NON_LITERAL_NULL_CONVERSION = YES;
				CLANG_WARN_OBJC_IMPLICIT_RETAIN_SELF = YES;
				CLANG_WARN_OBJC_LITERAL_CONVERSION = YES;
				CLANG_WARN_OBJC_ROOT_CLASS = YES_ERROR;
				CLANG_WARN_QUOTED_INCLUDE_IN_FRAMEWORK_HEADER = YES;
				CLANG_WARN_RANGE_LOOP_ANALYSIS = YES;
				CLANG_WARN_STRICT_PROTOTYPES = YES;
				CLANG_WARN_SUSPICIOUS_MOVE = YES;
				CLANG_WARN_UNGUARDED_AVAILABILITY = YES_AGGRESSIVE;
				CLANG_WARN_UNREACHABLE_CODE = YES;
				CLANG_WARN__DUPLICATE_METHOD_MATCH = YES;
				COPY_PHASE_STRIP = NO;
				DEBUG_INFORMATION_FORMAT = dwarf;
				ENABLE_STRICT_OBJC_MSGSEND = YES;
				ENABLE_TESTABILITY = YES;
				GCC_C_LANGUAGE_STANDARD = gnu11;
				GCC_DYNAMIC_NO_PIC = NO;
				GCC_NO_COMMON_BLOCKS = YES;
				GCC_OPTIMIZATION_LEVEL = 0;
				GCC_PREPROCESSOR_DEFINITIONS = (
					"DEBUG=1",
					"$(inherited)",
				);
				GCC_WARN_64_TO_32_BIT_CONVERSION = YES;
				GCC_WARN_ABOUT_RETURN_TYPE = YES_ERROR;
				GCC_WARN_UNDECLARED_SELECTOR = YES;
				GCC_WARN_UNINITIALIZED_AUTOS = YES_AGGRESSIVE;
				GCC_WARN_UNUSED_FUNCTION = YES;
				GCC_WARN_UNUSED_VARIABLE = YES;
				IPHONEOS_DEPLOYMENT_TARGET = 16.0;
				MTL_ENABLE_DEBUG_INFO = INCLUDE_SOURCE;
				MTL_FAST_MATH = YES;
				ONLY_ACTIVE_ARCH = YES;
				SDKROOT = iphoneos;
				SWIFT_ACTIVE_COMPILATION_CONDITIONS = DEBUG;
				SWIFT_OPTIMIZATION_LEVEL = "-Onone";
			};
			name = Debug;
		};
		09F46D70290076FE001F668B /* Release */ = {
			isa = XCBuildConfiguration;
			buildSettings = {
				ALWAYS_SEARCH_USER_PATHS = NO;
				CLANG_ANALYZER_NONNULL = YES;
				CLANG_ANALYZER_NUMBER_OBJECT_CONVERSION = YES_AGGRESSIVE;
				CLANG_CXX_LANGUAGE_STANDARD = "gnu++20";
				CLANG_ENABLE_MODULES = YES;
				CLANG_ENABLE_OBJC_ARC = YES;
				CLANG_ENABLE_OBJC_WEAK = YES;
				CLANG_WARN_BLOCK_CAPTURE_AUTORELEASING = YES;
				CLANG_WARN_BOOL_CONVERSION = YES;
				CLANG_WARN_COMMA = YES;
				CLANG_WARN_CONSTANT_CONVERSION = YES;
				CLANG_WARN_DEPRECATED_OBJC_IMPLEMENTATIONS = YES;
				CLANG_WARN_DIRECT_OBJC_ISA_USAGE = YES_ERROR;
				CLANG_WARN_DOCUMENTATION_COMMENTS = YES;
				CLANG_WARN_EMPTY_BODY = YES;
				CLANG_WARN_ENUM_CONVERSION = YES;
				CLANG_WARN_INFINITE_RECURSION = YES;
				CLANG_WARN_INT_CONVERSION = YES;
				CLANG_WARN_NON_LITERAL_NULL_CONVERSION = YES;
				CLANG_WARN_OBJC_IMPLICIT_RETAIN_SELF = YES;
				CLANG_WARN_OBJC_LITERAL_CONVERSION = YES;
				CLANG_WARN_OBJC_ROOT_CLASS = YES_ERROR;
				CLANG_WARN_QUOTED_INCLUDE_IN_FRAMEWORK_HEADER = YES;
				CLANG_WARN_RANGE_LOOP_ANALYSIS = YES;
				CLANG_WARN_STRICT_PROTOTYPES = YES;
				CLANG_WARN_SUSPICIOUS_MOVE = YES;
				CLANG_WARN_UNGUARDED_AVAILABILITY = YES_AGGRESSIVE;
				CLANG_WARN_UNREACHABLE_CODE = YES;
				CLANG_WARN__DUPLICATE_METHOD_MATCH = YES;
				COPY_PHASE_STRIP = NO;
				DEBUG_INFORMATION_FORMAT = "dwarf-with-dsym";
				ENABLE_NS_ASSERTIONS = NO;
				ENABLE_STRICT_OBJC_MSGSEND = YES;
				GCC_C_LANGUAGE_STANDARD = gnu11;
				GCC_NO_COMMON_BLOCKS = YES;
				GCC_WARN_64_TO_32_BIT_CONVERSION = YES;
				GCC_WARN_ABOUT_RETURN_TYPE = YES_ERROR;
				GCC_WARN_UNDECLARED_SELECTOR = YES;
				GCC_WARN_UNINITIALIZED_AUTOS = YES_AGGRESSIVE;
				GCC_WARN_UNUSED_FUNCTION = YES;
				GCC_WARN_UNUSED_VARIABLE = YES;
				IPHONEOS_DEPLOYMENT_TARGET = 16.0;
				MTL_ENABLE_DEBUG_INFO = NO;
				MTL_FAST_MATH = YES;
				SDKROOT = iphoneos;
				SWIFT_COMPILATION_MODE = wholemodule;
				SWIFT_OPTIMIZATION_LEVEL = "-O";
				VALIDATE_PRODUCT = YES;
			};
			name = Release;
		};
		09F46D72290076FE001F668B /* Debug */ = {
			isa = XCBuildConfiguration;
			baseConfigurationReference = 3D30D781756B8C09A9D75112 /* Pods-OptimizeTutorialStarterApp.debug.xcconfig */;
			buildSettings = {
				ASSETCATALOG_COMPILER_APPICON_NAME = AppIcon;
				ASSETCATALOG_COMPILER_GLOBAL_ACCENT_COLOR_NAME = AccentColor;
				CODE_SIGN_STYLE = Automatic;
				CURRENT_PROJECT_VERSION = 1;
				DEVELOPMENT_ASSET_PATHS = "\"OptimizeTutorialStarterApp/Preview Content\"";
				DEVELOPMENT_TEAM = FKGEE875K4;
				ENABLE_PREVIEWS = YES;
				GENERATE_INFOPLIST_FILE = YES;
				INFOPLIST_FILE = OptimizeTutorialStarterApp/Info.plist;
				INFOPLIST_KEY_UIApplicationSceneManifest_Generation = YES;
				INFOPLIST_KEY_UIApplicationSupportsIndirectInputEvents = YES;
				INFOPLIST_KEY_UILaunchScreen_Generation = YES;
				INFOPLIST_KEY_UISupportedInterfaceOrientations_iPad = "UIInterfaceOrientationPortrait UIInterfaceOrientationPortraitUpsideDown UIInterfaceOrientationLandscapeLeft UIInterfaceOrientationLandscapeRight";
				INFOPLIST_KEY_UISupportedInterfaceOrientations_iPhone = "UIInterfaceOrientationPortrait UIInterfaceOrientationLandscapeLeft UIInterfaceOrientationLandscapeRight";
				LD_RUNPATH_SEARCH_PATHS = (
					"$(inherited)",
					"@executable_path/Frameworks",
				);
				MARKETING_VERSION = 1.0;
				PRODUCT_BUNDLE_IDENTIFIER = com.adobe.aep.OptimizeDemoAppStarter;
				PRODUCT_NAME = "$(TARGET_NAME)";
				SWIFT_EMIT_LOC_STRINGS = YES;
				SWIFT_VERSION = 5.0;
				TARGETED_DEVICE_FAMILY = "1,2";
			};
			name = Debug;
		};
		09F46D73290076FE001F668B /* Release */ = {
			isa = XCBuildConfiguration;
			baseConfigurationReference = 7D3F8F13B99187213C516620 /* Pods-OptimizeTutorialStarterApp.release.xcconfig */;
			buildSettings = {
				ASSETCATALOG_COMPILER_APPICON_NAME = AppIcon;
				ASSETCATALOG_COMPILER_GLOBAL_ACCENT_COLOR_NAME = AccentColor;
				CODE_SIGN_STYLE = Automatic;
				CURRENT_PROJECT_VERSION = 1;
				DEVELOPMENT_ASSET_PATHS = "\"OptimizeTutorialStarterApp/Preview Content\"";
				DEVELOPMENT_TEAM = FKGEE875K4;
				ENABLE_PREVIEWS = YES;
				GENERATE_INFOPLIST_FILE = YES;
				INFOPLIST_FILE = OptimizeTutorialStarterApp/Info.plist;
				INFOPLIST_KEY_UIApplicationSceneManifest_Generation = YES;
				INFOPLIST_KEY_UIApplicationSupportsIndirectInputEvents = YES;
				INFOPLIST_KEY_UILaunchScreen_Generation = YES;
				INFOPLIST_KEY_UISupportedInterfaceOrientations_iPad = "UIInterfaceOrientationPortrait UIInterfaceOrientationPortraitUpsideDown UIInterfaceOrientationLandscapeLeft UIInterfaceOrientationLandscapeRight";
				INFOPLIST_KEY_UISupportedInterfaceOrientations_iPhone = "UIInterfaceOrientationPortrait UIInterfaceOrientationLandscapeLeft UIInterfaceOrientationLandscapeRight";
				LD_RUNPATH_SEARCH_PATHS = (
					"$(inherited)",
					"@executable_path/Frameworks",
				);
				MARKETING_VERSION = 1.0;
				PRODUCT_BUNDLE_IDENTIFIER = com.adobe.aep.OptimizeDemoAppStarter;
				PRODUCT_NAME = "$(TARGET_NAME)";
				SWIFT_EMIT_LOC_STRINGS = YES;
				SWIFT_VERSION = 5.0;
				TARGETED_DEVICE_FAMILY = "1,2";
			};
			name = Release;
		};
/* End XCBuildConfiguration section */

/* Begin XCConfigurationList section */
		09F46D5E290076FD001F668B /* Build configuration list for PBXProject "OptimizeTutorialStarterApp" */ = {
			isa = XCConfigurationList;
			buildConfigurations = (
				09F46D6F290076FE001F668B /* Debug */,
				09F46D70290076FE001F668B /* Release */,
			);
			defaultConfigurationIsVisible = 0;
			defaultConfigurationName = Release;
		};
		09F46D71290076FE001F668B /* Build configuration list for PBXNativeTarget "OptimizeTutorialStarterApp" */ = {
			isa = XCConfigurationList;
			buildConfigurations = (
				09F46D72290076FE001F668B /* Debug */,
				09F46D73290076FE001F668B /* Release */,
			);
			defaultConfigurationIsVisible = 0;
			defaultConfigurationName = Release;
		};
/* End XCConfigurationList section */
	};
	rootObject = 09F46D5B290076FD001F668B /* Project object */;
}
