PODS:
  - AEPAssurance (4.0.0):
    - AEPCore (>= 4.0.0)
    - AEPServices (>= 4.0.0)
  - AEPCore (4.0.0):
    - AEPRulesEngine (>= 4.0.0)
    - AEPServices (>= 4.0.0)
  - AEPEdge (4.0.0):
    - AEPCore (>= 4.0.0)
    - AEPEdgeIdentity (>= 4.0.0)
  - AEPEdgeIdentity (4.0.0):
    - AEPCore (>= 4.0.0)
  - AEPMessaging (4.0.0):
    - AEPCore (>= 4.0.0)
    - AEPEdge (>= 4.0.0)
    - AEPEdgeIdentity (>= 4.0.0)
    - AEPServices (>= 4.0.0)
  - AEPRulesEngine (4.0.0)
  - AEPServices (4.0.0)

DEPENDENCIES:
  - AEPAssurance
  - AEPCore
  - AEPEdge
  - AEPEdgeIdentity
  - AEPMessaging

SPEC REPOS:
  trunk:
    - AEPAssurance
    - AEPCore
    - AEPEdge
    - AEPEdgeIdentity
    - AEPMessaging
    - AEPRulesEngine
    - AEPServices

SPEC CHECKSUMS:
  AEPAssurance: 4fa3138ddd7308c1f9923570f4d2b0b8526a916f
  AEPCore: dd7cd69696c768c610e6adc0307032985a381c7e
  AEPEdge: ffea1ada1e81c9cb239aac694efa5c8635b50c1f
  AEPEdgeIdentity: c2396b9119abd6eb530ea11efc58ec019b163bd4
  AEPMessaging: b5693ae07e7bfb27f375a2d86640b60989b8338f
  AEPRulesEngine: 458450a34922823286ead045a0c2bd8c27e224c6
  AEPServices: ca493988df250d84fda050124ff7549bcc43c65f

PODFILE CHECKSUM: fec72743d065a283de7eb1314214547913a4cb6e

COCOAPODS: 1.12.1
